{
  "version": 4,
  "terraform_version": "1.3.4",
  "serial": 129,
  "lineage": "b6499d47-5d4a-e82e-3669-bb1bd60b9a7c",
  "outputs": {},
  "resources": [
    {
      "mode": "managed",
      "type": "azurerm_availability_set",
      "name": "avail",
      "provider": "provider[\"registry.terraform.io/hashicorp/azurerm\"]",
      "instances": [
        {
          "index_key": "01",
          "schema_version": 0,
          "attributes": {
            "id": "/subscriptions/0dcc13b7-1a10-483e-95aa-fe7e71802e2e/resourceGroups/rg-vmadctest01/providers/Microsoft.Compute/availabilitySets/avail-vmadctest01",
            "location": "swedencentral",
            "managed": true,
            "name": "avail-vmadctest01",
            "platform_fault_domain_count": 3,
            "platform_update_domain_count": 20,
            "proximity_placement_group_id": null,
            "resource_group_name": "rg-vmadctest01",
            "tags": {
              "Application": "Infra",
              "Environment": "Test"
            },
            "timeouts": null
          },
          "sensitive_attributes": [],
          "private": "eyJlMmJmYjczMC1lY2FhLTExZTYtOGY4OC0zNDM2M2JjN2M0YzAiOnsiY3JlYXRlIjoxODAwMDAwMDAwMDAwLCJkZWxldGUiOjE4MDAwMDAwMDAwMDAsInJlYWQiOjMwMDAwMDAwMDAwMCwidXBkYXRlIjoxODAwMDAwMDAwMDAwfX0=",
          "dependencies": [
            "azurerm_resource_group.rgavil"
          ]
        }
      ]
    },
    {
      "mode": "managed",
      "type": "azurerm_resource_group",
      "name": "rgavil",
      "provider": "provider[\"registry.terraform.io/hashicorp/azurerm\"]",
      "instances": [
        {
          "index_key": "01",
          "schema_version": 0,
          "attributes": {
            "id": "/subscriptions/0dcc13b7-1a10-483e-95aa-fe7e71802e2e/resourceGroups/rg-vmadctest01",
            "location": "swedencentral",
            "name": "rg-vmadctest01",
            "tags": {
              "Application": "Infra",
              "Environment": "Test"
            },
            "timeouts": null
          },
          "sensitive_attributes": [],
          "private": "eyJlMmJmYjczMC1lY2FhLTExZTYtOGY4OC0zNDM2M2JjN2M0YzAiOnsiY3JlYXRlIjo1NDAwMDAwMDAwMDAwLCJkZWxldGUiOjU0MDAwMDAwMDAwMDAsInJlYWQiOjMwMDAwMDAwMDAwMCwidXBkYXRlIjo1NDAwMDAwMDAwMDAwfX0="
        }
      ]
    },
    {
      "mode": "managed",
      "type": "azurerm_resource_group",
      "name": "rginfra",
      "provider": "provider[\"registry.terraform.io/hashicorp/azurerm\"]",
      "instances": [
        {
          "schema_version": 0,
          "attributes": {
            "id": "/subscriptions/0dcc13b7-1a10-483e-95aa-fe7e71802e2e/resourceGroups/rg-infra-test-01",
            "location": "swedencentral",
            "name": "rg-infra-test-01",
            "tags": {
              "Application": "Infra",
              "Environment": "Test"
            },
            "timeouts": null
          },
          "sensitive_attributes": [],
          "private": "eyJlMmJmYjczMC1lY2FhLTExZTYtOGY4OC0zNDM2M2JjN2M0YzAiOnsiY3JlYXRlIjo1NDAwMDAwMDAwMDAwLCJkZWxldGUiOjU0MDAwMDAwMDAwMDAsInJlYWQiOjMwMDAwMDAwMDAwMCwidXBkYXRlIjo1NDAwMDAwMDAwMDAwfX0="
        }
      ]
    },
    {
      "mode": "managed",
      "type": "azurerm_subnet",
      "name": "subnets",
      "provider": "provider[\"registry.terraform.io/hashicorp/azurerm\"]",
      "instances": [
        {
          "index_key": "snet-mgmt-test-01",
          "schema_version": 0,
          "attributes": {
            "address_prefixes": [
              "10.10.5.0/24"
            ],
            "delegation": [],
            "enforce_private_link_endpoint_network_policies": false,
            "enforce_private_link_service_network_policies": false,
            "id": "/subscriptions/0dcc13b7-1a10-483e-95aa-fe7e71802e2e/resourceGroups/rg-infra-test-01/providers/Microsoft.Network/virtualNetworks/vnet-infra-test01/subnets/snet-mgmt-test-01",
            "name": "snet-mgmt-test-01",
            "private_endpoint_network_policies_enabled": true,
            "private_link_service_network_policies_enabled": true,
            "resource_group_name": "rg-infra-test-01",
            "service_endpoint_policy_ids": [],
            "service_endpoints": [],
            "timeouts": null,
            "virtual_network_name": "vnet-infra-test01"
          },
          "sensitive_attributes": [],
          "private": "eyJlMmJmYjczMC1lY2FhLTExZTYtOGY4OC0zNDM2M2JjN2M0YzAiOnsiY3JlYXRlIjoxODAwMDAwMDAwMDAwLCJkZWxldGUiOjE4MDAwMDAwMDAwMDAsInJlYWQiOjMwMDAwMDAwMDAwMCwidXBkYXRlIjoxODAwMDAwMDAwMDAwfX0=",
          "dependencies": [
            "azurerm_resource_group.rginfra",
            "azurerm_virtual_network.vnet"
          ]
        },
        {
          "index_key": "snet-vda-test-01",
          "schema_version": 0,
          "attributes": {
            "address_prefixes": [
              "10.10.10.0/24"
            ],
            "delegation": [],
            "enforce_private_link_endpoint_network_policies": false,
            "enforce_private_link_service_network_policies": false,
            "id": "/subscriptions/0dcc13b7-1a10-483e-95aa-fe7e71802e2e/resourceGroups/rg-infra-test-01/providers/Microsoft.Network/virtualNetworks/vnet-infra-test01/subnets/snet-vda-test-01",
            "name": "snet-vda-test-01",
            "private_endpoint_network_policies_enabled": true,
            "private_link_service_network_policies_enabled": true,
            "resource_group_name": "rg-infra-test-01",
            "service_endpoint_policy_ids": [],
            "service_endpoints": [],
            "timeouts": null,
            "virtual_network_name": "vnet-infra-test01"
          },
          "sensitive_attributes": [],
          "private": "eyJlMmJmYjczMC1lY2FhLTExZTYtOGY4OC0zNDM2M2JjN2M0YzAiOnsiY3JlYXRlIjoxODAwMDAwMDAwMDAwLCJkZWxldGUiOjE4MDAwMDAwMDAwMDAsInJlYWQiOjMwMDAwMDAwMDAwMCwidXBkYXRlIjoxODAwMDAwMDAwMDAwfX0=",
          "dependencies": [
            "azurerm_resource_group.rginfra",
            "azurerm_virtual_network.vnet"
          ]
        },
        {
          "index_key": "snet-web-test-01",
          "schema_version": 0,
          "attributes": {
            "address_prefixes": [
              "10.10.8.0/24"
            ],
            "delegation": [],
            "enforce_private_link_endpoint_network_policies": false,
            "enforce_private_link_service_network_policies": false,
            "id": "/subscriptions/0dcc13b7-1a10-483e-95aa-fe7e71802e2e/resourceGroups/rg-infra-test-01/providers/Microsoft.Network/virtualNetworks/vnet-infra-test01/subnets/snet-web-test-01",
            "name": "snet-web-test-01",
            "private_endpoint_network_policies_enabled": true,
            "private_link_service_network_policies_enabled": true,
            "resource_group_name": "rg-infra-test-01",
            "service_endpoint_policy_ids": [],
            "service_endpoints": [],
            "timeouts": null,
            "virtual_network_name": "vnet-infra-test01"
          },
          "sensitive_attributes": [],
          "private": "eyJlMmJmYjczMC1lY2FhLTExZTYtOGY4OC0zNDM2M2JjN2M0YzAiOnsiY3JlYXRlIjoxODAwMDAwMDAwMDAwLCJkZWxldGUiOjE4MDAwMDAwMDAwMDAsInJlYWQiOjMwMDAwMDAwMDAwMCwidXBkYXRlIjoxODAwMDAwMDAwMDAwfX0=",
          "dependencies": [
            "azurerm_resource_group.rginfra",
            "azurerm_virtual_network.vnet"
          ]
        }
      ]
    },
    {
      "mode": "managed",
      "type": "azurerm_virtual_network",
      "name": "vnet",
      "provider": "provider[\"registry.terraform.io/hashicorp/azurerm\"]",
      "instances": [
        {
          "schema_version": 0,
          "attributes": {
            "address_space": [
              "10.10.0.0/16"
            ],
            "bgp_community": "",
            "ddos_protection_plan": [],
            "dns_servers": [],
            "edge_zone": "",
            "flow_timeout_in_minutes": 0,
            "guid": "6a309002-5e80-4ec3-ab2b-5d54249831ce",
            "id": "/subscriptions/0dcc13b7-1a10-483e-95aa-fe7e71802e2e/resourceGroups/rg-infra-test-01/providers/Microsoft.Network/virtualNetworks/vnet-infra-test01",
            "location": "swedencentral",
            "name": "vnet-infra-test01",
            "resource_group_name": "rg-infra-test-01",
            "subnet": [
              {
                "address_prefix": "10.10.0.0/24",
                "id": "/subscriptions/0dcc13b7-1a10-483e-95aa-fe7e71802e2e/resourceGroups/rg-infra-test-01/providers/Microsoft.Network/virtualNetworks/vnet-infra-test01/subnets/GatewaySubnet",
                "name": "GatewaySubnet",
                "security_group": ""
              },
              {
                "address_prefix": "10.10.1.0/24",
                "id": "/subscriptions/0dcc13b7-1a10-483e-95aa-fe7e71802e2e/resourceGroups/rg-infra-test-01/providers/Microsoft.Network/virtualNetworks/vnet-infra-test01/subnets/AzureFirewallSubnet",
                "name": "AzureFirewallSubnet",
                "security_group": ""
              },
              {
                "address_prefix": "10.10.10.0/24",
                "id": "/subscriptions/0dcc13b7-1a10-483e-95aa-fe7e71802e2e/resourceGroups/rg-infra-test-01/providers/Microsoft.Network/virtualNetworks/vnet-infra-test01/subnets/snet-vda-test-01",
                "name": "snet-vda-test-01",
                "security_group": "/subscriptions/0dcc13b7-1a10-483e-95aa-fe7e71802e2e/resourceGroups/rg-infra-test-01/providers/Microsoft.Network/networkSecurityGroups/nsg-snet-vda-test-01"
              },
              {
                "address_prefix": "10.10.2.0/24",
                "id": "/subscriptions/0dcc13b7-1a10-483e-95aa-fe7e71802e2e/resourceGroups/rg-infra-test-01/providers/Microsoft.Network/virtualNetworks/vnet-infra-test01/subnets/AzureBastionSubnet",
                "name": "AzureBastionSubnet",
                "security_group": "/subscriptions/0dcc13b7-1a10-483e-95aa-fe7e71802e2e/resourceGroups/rg-infra-test-01/providers/Microsoft.Network/networkSecurityGroups/nsg-AzureBastion"
              },
              {
                "address_prefix": "10.10.3.0/24",
                "id": "/subscriptions/0dcc13b7-1a10-483e-95aa-fe7e71802e2e/resourceGroups/rg-infra-test-01/providers/Microsoft.Network/virtualNetworks/vnet-infra-test01/subnets/snet-pe-test-01",
                "name": "snet-pe-test-01",
                "security_group": "/subscriptions/0dcc13b7-1a10-483e-95aa-fe7e71802e2e/resourceGroups/rg-infra-test-01/providers/Microsoft.Network/networkSecurityGroups/nsg-snet-pe-test-01"
              },
              {
                "address_prefix": "10.10.4.0/24",
                "id": "/subscriptions/0dcc13b7-1a10-483e-95aa-fe7e71802e2e/resourceGroups/rg-infra-test-01/providers/Microsoft.Network/virtualNetworks/vnet-infra-test01/subnets/snet-core-test-01",
                "name": "snet-core-test-01",
                "security_group": "/subscriptions/0dcc13b7-1a10-483e-95aa-fe7e71802e2e/resourceGroups/rg-infra-test-01/providers/Microsoft.Network/networkSecurityGroups/nsg-snet-core-test-01"
              },
              {
                "address_prefix": "10.10.5.0/24",
                "id": "/subscriptions/0dcc13b7-1a10-483e-95aa-fe7e71802e2e/resourceGroups/rg-infra-test-01/providers/Microsoft.Network/virtualNetworks/vnet-infra-test01/subnets/snet-mgmt-test-01",
                "name": "snet-mgmt-test-01",
                "security_group": "/subscriptions/0dcc13b7-1a10-483e-95aa-fe7e71802e2e/resourceGroups/rg-infra-test-01/providers/Microsoft.Network/networkSecurityGroups/nsg-snet-mgmt-test-01"
              },
              {
                "address_prefix": "10.10.6.0/24",
                "id": "/subscriptions/0dcc13b7-1a10-483e-95aa-fe7e71802e2e/resourceGroups/rg-infra-test-01/providers/Microsoft.Network/virtualNetworks/vnet-infra-test01/subnets/snet-sql-test-01",
                "name": "snet-sql-test-01",
                "security_group": "/subscriptions/0dcc13b7-1a10-483e-95aa-fe7e71802e2e/resourceGroups/rg-infra-test-01/providers/Microsoft.Network/networkSecurityGroups/nsg-snet-sql-test-01"
              },
              {
                "address_prefix": "10.10.7.0/24",
                "id": "/subscriptions/0dcc13b7-1a10-483e-95aa-fe7e71802e2e/resourceGroups/rg-infra-test-01/providers/Microsoft.Network/virtualNetworks/vnet-infra-test01/subnets/snet-app-test-01",
                "name": "snet-app-test-01",
                "security_group": "/subscriptions/0dcc13b7-1a10-483e-95aa-fe7e71802e2e/resourceGroups/rg-infra-test-01/providers/Microsoft.Network/networkSecurityGroups/nsg-snet-app-test-01"
              },
              {
                "address_prefix": "10.10.8.0/24",
                "id": "/subscriptions/0dcc13b7-1a10-483e-95aa-fe7e71802e2e/resourceGroups/rg-infra-test-01/providers/Microsoft.Network/virtualNetworks/vnet-infra-test01/subnets/snet-web-test-01",
                "name": "snet-web-test-01",
                "security_group": "/subscriptions/0dcc13b7-1a10-483e-95aa-fe7e71802e2e/resourceGroups/rg-infra-test-01/providers/Microsoft.Network/networkSecurityGroups/nsg-snet-web-test-01"
              },
              {
                "address_prefix": "10.10.9.0/24",
                "id": "/subscriptions/0dcc13b7-1a10-483e-95aa-fe7e71802e2e/resourceGroups/rg-infra-test-01/providers/Microsoft.Network/virtualNetworks/vnet-infra-test01/subnets/snet-ctx-test-01",
                "name": "snet-ctx-test-01",
                "security_group": "/subscriptions/0dcc13b7-1a10-483e-95aa-fe7e71802e2e/resourceGroups/rg-infra-test-01/providers/Microsoft.Network/networkSecurityGroups/nsg-snet-ctx-test-01"
              }
            ],
            "tags": {
              "Application": "Infra",
              "Environment": "Test"
            },
            "timeouts": null
          },
          "sensitive_attributes": [],
          "private": "eyJlMmJmYjczMC1lY2FhLTExZTYtOGY4OC0zNDM2M2JjN2M0YzAiOnsiY3JlYXRlIjoxODAwMDAwMDAwMDAwLCJkZWxldGUiOjE4MDAwMDAwMDAwMDAsInJlYWQiOjMwMDAwMDAwMDAwMCwidXBkYXRlIjoxODAwMDAwMDAwMDAwfX0=",
          "dependencies": [
            "azurerm_resource_group.rginfra"
          ]
        }
      ]
    }
  ],
  "check_results": null
}
