{
  "version": 4,
  "terraform_version": "1.3.4",
  "serial": 88,
  "lineage": "b6499d47-5d4a-e82e-3669-bb1bd60b9a7c",
  "outputs": {},
  "resources": [
    {
      "mode": "data",
      "type": "azurerm_subscription",
      "name": "sub",
      "provider": "provider[\"registry.terraform.io/hashicorp/azurerm\"]",
      "instances": [
        {
          "schema_version": 0,
          "attributes": {
            "display_name": "B3Care - Test",
            "id": "/subscriptions/0dcc13b7-1a10-483e-95aa-fe7e71802e2e",
            "location_placement_id": "Public_2014-09-01",
            "quota_id": "CSP_2015-05-01",
            "spending_limit": "Off",
            "state": "Enabled",
            "subscription_id": "0dcc13b7-1a10-483e-95aa-fe7e71802e2e",
            "tags": {},
            "tenant_id": "7d5e28a9-aa48-43c6-a39a-3fc5167644de",
            "timeouts": null
          },
          "sensitive_attributes": []
        }
      ]
    },
    {
      "mode": "managed",
      "type": "azurerm_availability_set",
      "name": "avail",
      "provider": "provider[\"registry.terraform.io/hashicorp/azurerm\"]",
      "instances": [
        {
          "index_key": "01",
          "schema_version": 0,
          "attributes": {
            "id": "/subscriptions/0dcc13b7-1a10-483e-95aa-fe7e71802e2e/resourceGroups/rg-vmadctest01/providers/Microsoft.Compute/availabilitySets/avail-vmadctest01",
            "location": "swedencentral",
            "managed": true,
            "name": "avail-vmadctest01",
            "platform_fault_domain_count": 3,
            "platform_update_domain_count": 20,
            "proximity_placement_group_id": null,
            "resource_group_name": "rg-vmadctest01",
            "tags": {
              "Application": "Infra",
              "Environment": "Test"
            },
            "timeouts": null
          },
          "sensitive_attributes": [],
          "private": "eyJlMmJmYjczMC1lY2FhLTExZTYtOGY4OC0zNDM2M2JjN2M0YzAiOnsiY3JlYXRlIjoxODAwMDAwMDAwMDAwLCJkZWxldGUiOjE4MDAwMDAwMDAwMDAsInJlYWQiOjMwMDAwMDAwMDAwMCwidXBkYXRlIjoxODAwMDAwMDAwMDAwfX0=",
          "dependencies": [
            "azurerm_resource_group.rgavil"
          ]
        }
      ]
    },
    {
      "mode": "managed",
      "type": "azurerm_network_security_group",
      "name": "nsg",
      "provider": "provider[\"registry.terraform.io/hashicorp/azurerm\"]",
      "instances": [
        {
          "index_key": "nsg-AzureBastion",
          "schema_version": 0,
          "attributes": {
            "id": "/subscriptions/0dcc13b7-1a10-483e-95aa-fe7e71802e2e/resourceGroups/rg-infra-test-01/providers/Microsoft.Network/networkSecurityGroups/nsg-AzureBastion",
            "location": "swedencentral",
            "name": "nsg-AzureBastion",
            "resource_group_name": "rg-infra-test-01",
            "security_rule": [
              {
                "access": "Allow",
                "description": "Allow Monitor",
                "destination_address_prefix": "*",
                "destination_address_prefixes": [],
                "destination_application_security_group_ids": [],
                "destination_port_range": "10050",
                "destination_port_ranges": [],
                "direction": "Inbound",
                "name": "Allow_Inbound_Monitor",
                "priority": 500,
                "protocol": "*",
                "source_address_prefix": "10.10.7.11/32",
                "source_address_prefixes": [],
                "source_application_security_group_ids": [],
                "source_port_range": "*",
                "source_port_ranges": []
              },
              {
                "access": "Allow",
                "description": "Allow_Inbound_AzureLoadBalancer",
                "destination_address_prefix": "*",
                "destination_address_prefixes": [],
                "destination_application_security_group_ids": [],
                "destination_port_range": "443",
                "destination_port_ranges": [],
                "direction": "Inbound",
                "name": "Allow_Inbound_AzureLoadBalancer",
                "priority": 800,
                "protocol": "Tcp",
                "source_address_prefix": "AzureLoadBalancer",
                "source_address_prefixes": [],
                "source_application_security_group_ids": [],
                "source_port_range": "*",
                "source_port_ranges": []
              },
              {
                "access": "Allow",
                "description": "Allow_Inbound_BastionHost",
                "destination_address_prefix": "VirtualNetwork",
                "destination_address_prefixes": [],
                "destination_application_security_group_ids": [],
                "destination_port_range": "",
                "destination_port_ranges": [
                  "5701",
                  "8080"
                ],
                "direction": "Inbound",
                "name": "Allow_Inbound_BastionHost",
                "priority": 900,
                "protocol": "*",
                "source_address_prefix": "VirtualNetwork",
                "source_address_prefixes": [],
                "source_application_security_group_ids": [],
                "source_port_range": "*",
                "source_port_ranges": []
              },
              {
                "access": "Allow",
                "description": "Allow_Inbound_GatewayManager",
                "destination_address_prefix": "*",
                "destination_address_prefixes": [],
                "destination_application_security_group_ids": [],
                "destination_port_range": "443",
                "destination_port_ranges": [],
                "direction": "Inbound",
                "name": "Allow_Inbound_GatewayManager",
                "priority": 700,
                "protocol": "Tcp",
                "source_address_prefix": "GatewayManager",
                "source_address_prefixes": [],
                "source_application_security_group_ids": [],
                "source_port_range": "*",
                "source_port_ranges": []
              },
              {
                "access": "Allow",
                "description": "Allow_Inbound_Https",
                "destination_address_prefix": "*",
                "destination_address_prefixes": [],
                "destination_application_security_group_ids": [],
                "destination_port_range": "443",
                "destination_port_ranges": [],
                "direction": "Inbound",
                "name": "Allow_Inbound_Https",
                "priority": 600,
                "protocol": "Tcp",
                "source_address_prefix": "Internet",
                "source_address_prefixes": [],
                "source_application_security_group_ids": [],
                "source_port_range": "*",
                "source_port_ranges": []
              },
              {
                "access": "Allow",
                "description": "Allow_Outbound_AzureCloud",
                "destination_address_prefix": "AzureCloud",
                "destination_address_prefixes": [],
                "destination_application_security_group_ids": [],
                "destination_port_range": "443",
                "destination_port_ranges": [],
                "direction": "Outbound",
                "name": "Allow_Outbound_AzureCloud",
                "priority": 800,
                "protocol": "Tcp",
                "source_address_prefix": "*",
                "source_address_prefixes": [],
                "source_application_security_group_ids": [],
                "source_port_range": "*",
                "source_port_ranges": []
              },
              {
                "access": "Allow",
                "description": "Allow_Outbound_BastionHost",
                "destination_address_prefix": "VirtualNetwork",
                "destination_address_prefixes": [],
                "destination_application_security_group_ids": [],
                "destination_port_range": "",
                "destination_port_ranges": [
                  "5701",
                  "8080"
                ],
                "direction": "Outbound",
                "name": "Allow_Outbound_BastionHost",
                "priority": 900,
                "protocol": "Tcp",
                "source_address_prefix": "VirtualNetwork",
                "source_address_prefixes": [],
                "source_application_security_group_ids": [],
                "source_port_range": "*",
                "source_port_ranges": []
              },
              {
                "access": "Allow",
                "description": "Allow_Outbound_RdpSsh",
                "destination_address_prefix": "VirtualNetwork",
                "destination_address_prefixes": [],
                "destination_application_security_group_ids": [],
                "destination_port_range": "",
                "destination_port_ranges": [
                  "22",
                  "3389"
                ],
                "direction": "Outbound",
                "name": "Allow_Outbound_RdpSsh",
                "priority": 700,
                "protocol": "*",
                "source_address_prefix": "*",
                "source_address_prefixes": [],
                "source_application_security_group_ids": [],
                "source_port_range": "*",
                "source_port_ranges": []
              },
              {
                "access": "Allow",
                "description": "Allow_Outbound_SessionInformation",
                "destination_address_prefix": "Internet",
                "destination_address_prefixes": [],
                "destination_application_security_group_ids": [],
                "destination_port_range": "80",
                "destination_port_ranges": [],
                "direction": "Outbound",
                "name": "Allow_Outbound_SessionInformation",
                "priority": 1000,
                "protocol": "*",
                "source_address_prefix": "*",
                "source_address_prefixes": [],
                "source_application_security_group_ids": [],
                "source_port_range": "*",
                "source_port_ranges": []
              },
              {
                "access": "Deny",
                "description": "",
                "destination_address_prefix": "*",
                "destination_address_prefixes": [],
                "destination_application_security_group_ids": [],
                "destination_port_range": "*",
                "destination_port_ranges": [],
                "direction": "Outbound",
                "name": "Deny_Outbound_All",
                "priority": 4096,
                "protocol": "*",
                "source_address_prefix": "*",
                "source_address_prefixes": [],
                "source_application_security_group_ids": [],
                "source_port_range": "*",
                "source_port_ranges": []
              },
              {
                "access": "Deny",
                "description": "Deny_Inbound_All",
                "destination_address_prefix": "*",
                "destination_address_prefixes": [],
                "destination_application_security_group_ids": [],
                "destination_port_range": "*",
                "destination_port_ranges": [],
                "direction": "Inbound",
                "name": "Deny_Inbound_All",
                "priority": 4096,
                "protocol": "*",
                "source_address_prefix": "*",
                "source_address_prefixes": [],
                "source_application_security_group_ids": [],
                "source_port_range": "*",
                "source_port_ranges": []
              }
            ],
            "tags": {
              "Application": "Infra",
              "Environment": "Test"
            },
            "timeouts": null
          },
          "sensitive_attributes": [],
          "private": "eyJlMmJmYjczMC1lY2FhLTExZTYtOGY4OC0zNDM2M2JjN2M0YzAiOnsiY3JlYXRlIjoxODAwMDAwMDAwMDAwLCJkZWxldGUiOjE4MDAwMDAwMDAwMDAsInJlYWQiOjMwMDAwMDAwMDAwMCwidXBkYXRlIjoxODAwMDAwMDAwMDAwfX0=",
          "dependencies": [
            "azurerm_resource_group.rginfra"
          ]
        },
        {
          "index_key": "nsg-snet-app-test-01",
          "schema_version": 0,
          "attributes": {
            "id": "/subscriptions/0dcc13b7-1a10-483e-95aa-fe7e71802e2e/resourceGroups/rg-infra-test-01/providers/Microsoft.Network/networkSecurityGroups/nsg-snet-app-test-01",
            "location": "swedencentral",
            "name": "nsg-snet-app-test-01",
            "resource_group_name": "rg-infra-test-01",
            "security_rule": [
              {
                "access": "Allow",
                "description": "",
                "destination_address_prefix": "*",
                "destination_address_prefixes": [],
                "destination_application_security_group_ids": [],
                "destination_port_range": "",
                "destination_port_ranges": [
                  "123",
                  "135",
                  "137-139",
                  "3268-3269",
                  "3389",
                  "389",
                  "445",
                  "464",
                  "49152-65535",
                  "53",
                  "5722",
                  "636",
                  "88",
                  "9389"
                ],
                "direction": "Inbound",
                "name": "Allow_Inbound_ActiveDirectory",
                "priority": 400,
                "protocol": "*",
                "source_address_prefix": "10.10.4.0/24",
                "source_address_prefixes": [],
                "source_application_security_group_ids": [],
                "source_port_range": "*",
                "source_port_ranges": []
              },
              {
                "access": "Allow",
                "description": "",
                "destination_address_prefix": "*",
                "destination_address_prefixes": [],
                "destination_application_security_group_ids": [],
                "destination_port_range": "",
                "destination_port_ranges": [
                  "135",
                  "139",
                  "1433",
                  "22",
                  "3389",
                  "443",
                  "445",
                  "5986",
                  "80"
                ],
                "direction": "Inbound",
                "name": "Allow_Inbound_Mgmt",
                "priority": 300,
                "protocol": "*",
                "source_address_prefix": "10.10.5.0/24",
                "source_address_prefixes": [],
                "source_application_security_group_ids": [],
                "source_port_range": "*",
                "source_port_ranges": []
              },
              {
                "access": "Allow",
                "description": "",
                "destination_address_prefix": "*",
                "destination_address_prefixes": [],
                "destination_application_security_group_ids": [],
                "destination_port_range": "",
                "destination_port_ranges": [
                  "22",
                  "3389"
                ],
                "direction": "Inbound",
                "name": "Allow_Inbound_Bastion",
                "priority": 100,
                "protocol": "*",
                "source_address_prefix": "10.10.2.0/24",
                "source_address_prefixes": [],
                "source_application_security_group_ids": [],
                "source_port_range": "*",
                "source_port_ranges": []
              },
              {
                "access": "Allow",
                "description": "",
                "destination_address_prefix": "*",
                "destination_address_prefixes": [],
                "destination_application_security_group_ids": [],
                "destination_port_range": "*",
                "destination_port_ranges": [],
                "direction": "Inbound",
                "name": "Allow_Inbound_ICMP",
                "priority": 200,
                "protocol": "Icmp",
                "source_address_prefix": "10.10.5.0/24",
                "source_address_prefixes": [],
                "source_application_security_group_ids": [],
                "source_port_range": "*",
                "source_port_ranges": []
              },
              {
                "access": "Allow",
                "description": "",
                "destination_address_prefix": "*",
                "destination_address_prefixes": [],
                "destination_application_security_group_ids": [],
                "destination_port_range": "10050",
                "destination_port_ranges": [],
                "direction": "Inbound",
                "name": "Allow_Inbound_Monitor",
                "priority": 500,
                "protocol": "*",
                "source_address_prefix": "10.10.7.11/32",
                "source_address_prefixes": [],
                "source_application_security_group_ids": [],
                "source_port_range": "*",
                "source_port_ranges": []
              },
              {
                "access": "Allow",
                "description": "",
                "destination_address_prefix": "10.10.0.0/16",
                "destination_address_prefixes": [],
                "destination_application_security_group_ids": [],
                "destination_port_range": "10051",
                "destination_port_ranges": [],
                "direction": "Outbound",
                "name": "Allow_Outbound_Zabbix",
                "priority": 300,
                "protocol": "*",
                "source_address_prefix": "10.10.7.11/32",
                "source_address_prefixes": [],
                "source_application_security_group_ids": [],
                "source_port_range": "*",
                "source_port_ranges": []
              },
              {
                "access": "Allow",
                "description": "",
                "destination_address_prefix": "10.10.4.0/24",
                "destination_address_prefixes": [],
                "destination_application_security_group_ids": [],
                "destination_port_range": "",
                "destination_port_ranges": [
                  "123",
                  "135",
                  "137-139",
                  "3268-3269",
                  "3389",
                  "389",
                  "445",
                  "464",
                  "49152-65535",
                  "53",
                  "5722",
                  "636",
                  "88",
                  "9389"
                ],
                "direction": "Outbound",
                "name": "Allow_Outbound_ActiveDirectory",
                "priority": 100,
                "protocol": "*",
                "source_address_prefix": "*",
                "source_address_prefixes": [],
                "source_application_security_group_ids": [],
                "source_port_range": "*",
                "source_port_ranges": []
              },
              {
                "access": "Allow",
                "description": "",
                "destination_address_prefix": "10.10.6.0/24",
                "destination_address_prefixes": [],
                "destination_application_security_group_ids": [],
                "destination_port_range": "1433",
                "destination_port_ranges": [],
                "direction": "Outbound",
                "name": "Allow_Outbound_SQL",
                "priority": 400,
                "protocol": "*",
                "source_address_prefix": "*",
                "source_address_prefixes": [],
                "source_application_security_group_ids": [],
                "source_port_range": "*",
                "source_port_ranges": []
              },
              {
                "access": "Allow",
                "description": "",
                "destination_address_prefix": "10.10.7.11/32",
                "destination_address_prefixes": [],
                "destination_application_security_group_ids": [],
                "destination_port_range": "10051",
                "destination_port_ranges": [],
                "direction": "Inbound",
                "name": "Allow_Inbound_Zabbix",
                "priority": 600,
                "protocol": "*",
                "source_address_prefix": "10.10.0.0/16",
                "source_address_prefixes": [],
                "source_application_security_group_ids": [],
                "source_port_range": "*",
                "source_port_ranges": []
              },
              {
                "access": "Allow",
                "description": "",
                "destination_address_prefix": "10.10.7.11/32",
                "destination_address_prefixes": [],
                "destination_application_security_group_ids": [],
                "destination_port_range": "10051",
                "destination_port_ranges": [],
                "direction": "Outbound",
                "name": "Allow_Outbound_Monitor",
                "priority": 200,
                "protocol": "*",
                "source_address_prefix": "*",
                "source_address_prefixes": [],
                "source_application_security_group_ids": [],
                "source_port_range": "*",
                "source_port_ranges": []
              },
              {
                "access": "Allow",
                "description": "",
                "destination_address_prefix": "Internet",
                "destination_address_prefixes": [],
                "destination_application_security_group_ids": [],
                "destination_port_range": "*",
                "destination_port_ranges": [],
                "direction": "Outbound",
                "name": "Allow_Outbound_Internet",
                "priority": 4000,
                "protocol": "*",
                "source_address_prefix": "*",
                "source_address_prefixes": [],
                "source_application_security_group_ids": [],
                "source_port_range": "*",
                "source_port_ranges": []
              },
              {
                "access": "Deny",
                "description": "",
                "destination_address_prefix": "*",
                "destination_address_prefixes": [],
                "destination_application_security_group_ids": [],
                "destination_port_range": "*",
                "destination_port_ranges": [],
                "direction": "Inbound",
                "name": "Deny_Inbound_All",
                "priority": 4096,
                "protocol": "*",
                "source_address_prefix": "*",
                "source_address_prefixes": [],
                "source_application_security_group_ids": [],
                "source_port_range": "*",
                "source_port_ranges": []
              },
              {
                "access": "Deny",
                "description": "",
                "destination_address_prefix": "*",
                "destination_address_prefixes": [],
                "destination_application_security_group_ids": [],
                "destination_port_range": "*",
                "destination_port_ranges": [],
                "direction": "Outbound",
                "name": "Deny_Outbound_All",
                "priority": 4096,
                "protocol": "*",
                "source_address_prefix": "*",
                "source_address_prefixes": [],
                "source_application_security_group_ids": [],
                "source_port_range": "*",
                "source_port_ranges": []
              }
            ],
            "tags": {
              "Application": "Infra",
              "Environment": "Test"
            },
            "timeouts": null
          },
          "sensitive_attributes": [],
          "private": "eyJlMmJmYjczMC1lY2FhLTExZTYtOGY4OC0zNDM2M2JjN2M0YzAiOnsiY3JlYXRlIjoxODAwMDAwMDAwMDAwLCJkZWxldGUiOjE4MDAwMDAwMDAwMDAsInJlYWQiOjMwMDAwMDAwMDAwMCwidXBkYXRlIjoxODAwMDAwMDAwMDAwfX0=",
          "dependencies": [
            "azurerm_resource_group.rginfra"
          ]
        },
        {
          "index_key": "nsg-snet-core-test-01",
          "schema_version": 0,
          "attributes": {
            "id": "/subscriptions/0dcc13b7-1a10-483e-95aa-fe7e71802e2e/resourceGroups/rg-infra-test-01/providers/Microsoft.Network/networkSecurityGroups/nsg-snet-core-test-01",
            "location": "swedencentral",
            "name": "nsg-snet-core-test-01",
            "resource_group_name": "rg-infra-test-01",
            "security_rule": [
              {
                "access": "Allow",
                "description": "",
                "destination_address_prefix": "*",
                "destination_address_prefixes": [],
                "destination_application_security_group_ids": [],
                "destination_port_range": "",
                "destination_port_ranges": [
                  "123",
                  "135",
                  "137-139",
                  "3268-3269",
                  "389",
                  "445",
                  "464",
                  "49152-65535",
                  "53",
                  "5722",
                  "636",
                  "80",
                  "88",
                  "9389"
                ],
                "direction": "Inbound",
                "name": "Allow_Inbound_ActiveDirectory",
                "priority": 400,
                "protocol": "*",
                "source_address_prefix": "",
                "source_address_prefixes": [
                  "10.10.4.0/24",
                  "10.10.5.0/24",
                  "10.10.6.0/24",
                  "10.10.7.0/24",
                  "10.10.8.0/24",
                  "10.10.9.0/24"
                ],
                "source_application_security_group_ids": [],
                "source_port_range": "*",
                "source_port_ranges": []
              },
              {
                "access": "Allow",
                "description": "",
                "destination_address_prefix": "*",
                "destination_address_prefixes": [],
                "destination_application_security_group_ids": [],
                "destination_port_range": "",
                "destination_port_ranges": [
                  "123",
                  "135",
                  "137-139",
                  "3268-3269",
                  "389",
                  "445",
                  "464",
                  "49152-65535",
                  "53",
                  "5722",
                  "636",
                  "80",
                  "88",
                  "9389"
                ],
                "direction": "Outbound",
                "name": "Allow_Outbound_ActiveDirectory",
                "priority": 400,
                "protocol": "*",
                "source_address_prefix": "",
                "source_address_prefixes": [
                  "10.10.4.0/24",
                  "10.10.5.0/24",
                  "10.10.6.0/24",
                  "10.10.7.0/24",
                  "10.10.8.0/24",
                  "10.10.9.0/24"
                ],
                "source_application_security_group_ids": [],
                "source_port_range": "*",
                "source_port_ranges": []
              },
              {
                "access": "Allow",
                "description": "",
                "destination_address_prefix": "*",
                "destination_address_prefixes": [],
                "destination_application_security_group_ids": [],
                "destination_port_range": "",
                "destination_port_ranges": [
                  "135",
                  "139",
                  "1433",
                  "22",
                  "3389",
                  "443",
                  "445",
                  "5986",
                  "80"
                ],
                "direction": "Inbound",
                "name": "Allow_Inbound_Mgmt",
                "priority": 300,
                "protocol": "*",
                "source_address_prefix": "10.10.5.0/24",
                "source_address_prefixes": [],
                "source_application_security_group_ids": [],
                "source_port_range": "*",
                "source_port_ranges": []
              },
              {
                "access": "Allow",
                "description": "",
                "destination_address_prefix": "*",
                "destination_address_prefixes": [],
                "destination_application_security_group_ids": [],
                "destination_port_range": "",
                "destination_port_ranges": [
                  "22",
                  "3389"
                ],
                "direction": "Inbound",
                "name": "Allow_Inbound_Bastion",
                "priority": 100,
                "protocol": "*",
                "source_address_prefix": "10.10.2.0/24",
                "source_address_prefixes": [],
                "source_application_security_group_ids": [],
                "source_port_range": "*",
                "source_port_ranges": []
              },
              {
                "access": "Allow",
                "description": "",
                "destination_address_prefix": "*",
                "destination_address_prefixes": [],
                "destination_application_security_group_ids": [],
                "destination_port_range": "*",
                "destination_port_ranges": [],
                "direction": "Inbound",
                "name": "Allow_Inbound_ICMP",
                "priority": 200,
                "protocol": "Icmp",
                "source_address_prefix": "10.10.5.0/24",
                "source_address_prefixes": [],
                "source_application_security_group_ids": [],
                "source_port_range": "*",
                "source_port_ranges": []
              },
              {
                "access": "Allow",
                "description": "",
                "destination_address_prefix": "*",
                "destination_address_prefixes": [],
                "destination_application_security_group_ids": [],
                "destination_port_range": "*",
                "destination_port_ranges": [],
                "direction": "Outbound",
                "name": "Deny_Outbound_All",
                "priority": 4096,
                "protocol": "*",
                "source_address_prefix": "*",
                "source_address_prefixes": [],
                "source_application_security_group_ids": [],
                "source_port_range": "*",
                "source_port_ranges": []
              },
              {
                "access": "Allow",
                "description": "",
                "destination_address_prefix": "*",
                "destination_address_prefixes": [],
                "destination_application_security_group_ids": [],
                "destination_port_range": "10050",
                "destination_port_ranges": [],
                "direction": "Inbound",
                "name": "Allow_Inbound_Monitor",
                "priority": 500,
                "protocol": "*",
                "source_address_prefix": "10.10.7.11/32",
                "source_address_prefixes": [],
                "source_application_security_group_ids": [],
                "source_port_range": "*",
                "source_port_ranges": []
              },
              {
                "access": "Allow",
                "description": "",
                "destination_address_prefix": "10.10.7.11/32",
                "destination_address_prefixes": [],
                "destination_application_security_group_ids": [],
                "destination_port_range": "10051",
                "destination_port_ranges": [],
                "direction": "Outbound",
                "name": "Allow_Outbound_Monitor",
                "priority": 500,
                "protocol": "*",
                "source_address_prefix": "*",
                "source_address_prefixes": [],
                "source_application_security_group_ids": [],
                "source_port_range": "*",
                "source_port_ranges": []
              },
              {
                "access": "Allow",
                "description": "",
                "destination_address_prefix": "Internet",
                "destination_address_prefixes": [],
                "destination_application_security_group_ids": [],
                "destination_port_range": "*",
                "destination_port_ranges": [],
                "direction": "Outbound",
                "name": "Allow_Outbound_Internet",
                "priority": 4000,
                "protocol": "*",
                "source_address_prefix": "*",
                "source_address_prefixes": [],
                "source_application_security_group_ids": [],
                "source_port_range": "*",
                "source_port_ranges": []
              },
              {
                "access": "Allow",
                "description": "Allow_Inbound_AzureLoadBalancer",
                "destination_address_prefix": "*",
                "destination_address_prefixes": [],
                "destination_application_security_group_ids": [],
                "destination_port_range": "*",
                "destination_port_ranges": [],
                "direction": "Inbound",
                "name": "Allow_Inbound_AzureLoadBalancer",
                "priority": 600,
                "protocol": "Tcp",
                "source_address_prefix": "AzureLoadBalancer",
                "source_address_prefixes": [],
                "source_application_security_group_ids": [],
                "source_port_range": "*",
                "source_port_ranges": []
              },
              {
                "access": "Deny",
                "description": "",
                "destination_address_prefix": "*",
                "destination_address_prefixes": [],
                "destination_application_security_group_ids": [],
                "destination_port_range": "*",
                "destination_port_ranges": [],
                "direction": "Inbound",
                "name": "Deny_Inbound_All",
                "priority": 4000,
                "protocol": "*",
                "source_address_prefix": "*",
                "source_address_prefixes": [],
                "source_application_security_group_ids": [],
                "source_port_range": "*",
                "source_port_ranges": []
              }
            ],
            "tags": {
              "Application": "Infra",
              "Environment": "Test"
            },
            "timeouts": null
          },
          "sensitive_attributes": [],
          "private": "eyJlMmJmYjczMC1lY2FhLTExZTYtOGY4OC0zNDM2M2JjN2M0YzAiOnsiY3JlYXRlIjoxODAwMDAwMDAwMDAwLCJkZWxldGUiOjE4MDAwMDAwMDAwMDAsInJlYWQiOjMwMDAwMDAwMDAwMCwidXBkYXRlIjoxODAwMDAwMDAwMDAwfX0=",
          "dependencies": [
            "azurerm_resource_group.rginfra"
          ]
        },
        {
          "index_key": "nsg-snet-ctx-test-01",
          "schema_version": 0,
          "attributes": {
            "id": "/subscriptions/0dcc13b7-1a10-483e-95aa-fe7e71802e2e/resourceGroups/rg-infra-test-01/providers/Microsoft.Network/networkSecurityGroups/nsg-snet-ctx-test-01",
            "location": "swedencentral",
            "name": "nsg-snet-ctx-test-01",
            "resource_group_name": "rg-infra-test-01",
            "security_rule": [
              {
                "access": "Allow",
                "description": "",
                "destination_address_prefix": "",
                "destination_address_prefixes": [
                  "10.10.10.0/24",
                  "10.10.5.0/24"
                ],
                "destination_application_security_group_ids": [],
                "destination_port_range": "",
                "destination_port_ranges": [
                  "443",
                  "8080",
                  "8082"
                ],
                "direction": "Outbound",
                "name": "Allow_Outbound_CTX_VDA",
                "priority": 600,
                "protocol": "*",
                "source_address_prefix": "10.10.9.0/24",
                "source_address_prefixes": [],
                "source_application_security_group_ids": [],
                "source_port_range": "*",
                "source_port_ranges": []
              },
              {
                "access": "Allow",
                "description": "",
                "destination_address_prefix": "",
                "destination_address_prefixes": [
                  "10.10.9.13/32",
                  "10.10.9.14/32"
                ],
                "destination_application_security_group_ids": [],
                "destination_port_range": "443",
                "destination_port_ranges": [],
                "direction": "Inbound",
                "name": "Allow_Inbound_StoreFront",
                "priority": 800,
                "protocol": "*",
                "source_address_prefix": "",
                "source_address_prefixes": [
                  "10.10.8.8/32",
                  "10.10.8.9/32"
                ],
                "source_application_security_group_ids": [],
                "source_port_range": "*",
                "source_port_ranges": []
              },
              {
                "access": "Allow",
                "description": "",
                "destination_address_prefix": "",
                "destination_address_prefixes": [
                  "10.10.9.17/32",
                  "10.10.9.18/32"
                ],
                "destination_application_security_group_ids": [],
                "destination_port_range": "",
                "destination_port_ranges": [
                  "135",
                  "139",
                  "443",
                  "445",
                  "7750",
                  "7751",
                  "80"
                ],
                "direction": "Inbound",
                "name": "Allow_Inbound_CPM",
                "priority": 1000,
                "protocol": "*",
                "source_address_prefix": "10.10.10.0/24",
                "source_address_prefixes": [],
                "source_application_security_group_ids": [],
                "source_port_range": "*",
                "source_port_ranges": []
              },
              {
                "access": "Allow",
                "description": "",
                "destination_address_prefix": "*",
                "destination_address_prefixes": [],
                "destination_application_security_group_ids": [],
                "destination_port_range": "",
                "destination_port_ranges": [
                  "123",
                  "135",
                  "137-139",
                  "3268-3269",
                  "3389",
                  "389",
                  "445",
                  "464",
                  "49152-65535",
                  "53",
                  "5722",
                  "636",
                  "88",
                  "9389"
                ],
                "direction": "Inbound",
                "name": "Allow_Inbound_ActiveDirectory",
                "priority": 400,
                "protocol": "*",
                "source_address_prefix": "10.10.4.0/24",
                "source_address_prefixes": [],
                "source_application_security_group_ids": [],
                "source_port_range": "*",
                "source_port_ranges": []
              },
              {
                "access": "Allow",
                "description": "",
                "destination_address_prefix": "*",
                "destination_address_prefixes": [],
                "destination_application_security_group_ids": [],
                "destination_port_range": "",
                "destination_port_ranges": [
                  "135",
                  "139",
                  "1433",
                  "22",
                  "3389",
                  "443",
                  "445",
                  "5986",
                  "80"
                ],
                "direction": "Inbound",
                "name": "Allow_Inbound_Mgmt",
                "priority": 300,
                "protocol": "*",
                "source_address_prefix": "10.10.5.0/24",
                "source_address_prefixes": [],
                "source_application_security_group_ids": [],
                "source_port_range": "*",
                "source_port_ranges": []
              },
              {
                "access": "Allow",
                "description": "",
                "destination_address_prefix": "*",
                "destination_address_prefixes": [],
                "destination_application_security_group_ids": [],
                "destination_port_range": "",
                "destination_port_ranges": [
                  "22",
                  "3389"
                ],
                "direction": "Inbound",
                "name": "Allow_Inbound_Bastion",
                "priority": 100,
                "protocol": "*",
                "source_address_prefix": "10.10.2.0/24",
                "source_address_prefixes": [],
                "source_application_security_group_ids": [],
                "source_port_range": "*",
                "source_port_ranges": []
              },
              {
                "access": "Allow",
                "description": "",
                "destination_address_prefix": "*",
                "destination_address_prefixes": [],
                "destination_application_security_group_ids": [],
                "destination_port_range": "*",
                "destination_port_ranges": [],
                "direction": "Inbound",
                "name": "Allow_Inbound_ICMP",
                "priority": 200,
                "protocol": "Icmp",
                "source_address_prefix": "10.10.5.0/24",
                "source_address_prefixes": [],
                "source_application_security_group_ids": [],
                "source_port_range": "*",
                "source_port_ranges": []
              },
              {
                "access": "Allow",
                "description": "",
                "destination_address_prefix": "*",
                "destination_address_prefixes": [],
                "destination_application_security_group_ids": [],
                "destination_port_range": "10050",
                "destination_port_ranges": [],
                "direction": "Inbound",
                "name": "Allow_Inbound_Monitor",
                "priority": 500,
                "protocol": "*",
                "source_address_prefix": "10.10.7.11/32",
                "source_address_prefixes": [],
                "source_application_security_group_ids": [],
                "source_port_range": "*",
                "source_port_ranges": []
              },
              {
                "access": "Allow",
                "description": "",
                "destination_address_prefix": "10.10.10.0/24",
                "destination_address_prefixes": [],
                "destination_application_security_group_ids": [],
                "destination_port_range": "",
                "destination_port_ranges": [
                  "135",
                  "139",
                  "443",
                  "445",
                  "7750",
                  "7751",
                  "7771",
                  "80"
                ],
                "direction": "Outbound",
                "name": "Allow_Outbound_CPM_VDA",
                "priority": 800,
                "protocol": "*",
                "source_address_prefix": "",
                "source_address_prefixes": [
                  "10.10.9.17/32",
                  "10.10.9.18/32"
                ],
                "source_application_security_group_ids": [],
                "source_port_range": "*",
                "source_port_ranges": []
              },
              {
                "access": "Allow",
                "description": "",
                "destination_address_prefix": "10.10.4.0/24",
                "destination_address_prefixes": [],
                "destination_application_security_group_ids": [],
                "destination_port_range": "",
                "destination_port_ranges": [
                  "123",
                  "135",
                  "137-139",
                  "3268-3269",
                  "3389",
                  "389",
                  "445",
                  "464",
                  "49152-65535",
                  "53",
                  "5722",
                  "636",
                  "88",
                  "9389"
                ],
                "direction": "Outbound",
                "name": "Allow_Outbound_ActiveDirectory",
                "priority": 100,
                "protocol": "*",
                "source_address_prefix": "*",
                "source_address_prefixes": [],
                "source_application_security_group_ids": [],
                "source_port_range": "*",
                "source_port_ranges": []
              },
              {
                "access": "Allow",
                "description": "",
                "destination_address_prefix": "10.10.5.0/24",
                "destination_address_prefixes": [],
                "destination_application_security_group_ids": [],
                "destination_port_range": "445",
                "destination_port_ranges": [],
                "direction": "Outbound",
                "name": "Allow_Outbound_File",
                "priority": 300,
                "protocol": "*",
                "source_address_prefix": "*",
                "source_address_prefixes": [],
                "source_application_security_group_ids": [],
                "source_port_range": "*",
                "source_port_ranges": []
              },
              {
                "access": "Allow",
                "description": "",
                "destination_address_prefix": "10.10.6.11/32",
                "destination_address_prefixes": [],
                "destination_application_security_group_ids": [],
                "destination_port_range": "",
                "destination_port_ranges": [
                  "1433",
                  "1434"
                ],
                "direction": "Outbound",
                "name": "Allow_Outbound_SQL_PVS",
                "priority": 500,
                "protocol": "*",
                "source_address_prefix": "10.10.9.0/24",
                "source_address_prefixes": [],
                "source_application_security_group_ids": [],
                "source_port_range": "*",
                "source_port_ranges": []
              },
              {
                "access": "Allow",
                "description": "",
                "destination_address_prefix": "10.10.6.11/32",
                "destination_address_prefixes": [],
                "destination_application_security_group_ids": [],
                "destination_port_range": "1433",
                "destination_port_ranges": [],
                "direction": "Outbound",
                "name": "Allow_Outbound_CPM_SQL",
                "priority": 700,
                "protocol": "*",
                "source_address_prefix": "",
                "source_address_prefixes": [
                  "10.10.9.17/32",
                  "10.10.9.18/32"
                ],
                "source_application_security_group_ids": [],
                "source_port_range": "*",
                "source_port_ranges": []
              },
              {
                "access": "Allow",
                "description": "",
                "destination_address_prefix": "10.10.7.11/32",
                "destination_address_prefixes": [],
                "destination_application_security_group_ids": [],
                "destination_port_range": "10051",
                "destination_port_ranges": [],
                "direction": "Outbound",
                "name": "Allow_Outbound_Monitor",
                "priority": 200,
                "protocol": "*",
                "source_address_prefix": "*",
                "source_address_prefixes": [],
                "source_application_security_group_ids": [],
                "source_port_range": "*",
                "source_port_ranges": []
              },
              {
                "access": "Allow",
                "description": "",
                "destination_address_prefix": "10.10.9.0/24",
                "destination_address_prefixes": [],
                "destination_application_security_group_ids": [],
                "destination_port_range": "",
                "destination_port_ranges": [
                  "135",
                  "443",
                  "445",
                  "49152-65535",
                  "6910-6969",
                  "80"
                ],
                "direction": "Inbound",
                "name": "Allow_Inbound_CTX_VDA",
                "priority": 700,
                "protocol": "*",
                "source_address_prefix": "",
                "source_address_prefixes": [
                  "10.10.10.0/24",
                  "10.10.5.0/24"
                ],
                "source_application_security_group_ids": [],
                "source_port_range": "*",
                "source_port_ranges": []
              },
              {
                "access": "Allow",
                "description": "",
                "destination_address_prefix": "10.10.9.0/24",
                "destination_address_prefixes": [],
                "destination_application_security_group_ids": [],
                "destination_port_range": "",
                "destination_port_ranges": [
                  "1494",
                  "2071",
                  "2598",
                  "27000",
                  "4011",
                  "443",
                  "445",
                  "54321",
                  "54322",
                  "54323",
                  "67",
                  "6890-6969",
                  "69",
                  "7279",
                  "80",
                  "808",
                  "8082-8083"
                ],
                "direction": "Inbound",
                "name": "Allow_Inbound_CTX_Services",
                "priority": 600,
                "protocol": "*",
                "source_address_prefix": "10.10.9.0/24",
                "source_address_prefixes": [],
                "source_application_security_group_ids": [],
                "source_port_range": "*",
                "source_port_ranges": []
              },
              {
                "access": "Allow",
                "description": "",
                "destination_address_prefix": "10.10.9.0/24",
                "destination_address_prefixes": [],
                "destination_application_security_group_ids": [],
                "destination_port_range": "",
                "destination_port_ranges": [
                  "1494",
                  "2071",
                  "2598",
                  "27000",
                  "4011",
                  "443",
                  "445",
                  "54321",
                  "54322",
                  "54323",
                  "67",
                  "6890-6969",
                  "69",
                  "7279",
                  "80",
                  "808",
                  "8082-8083"
                ],
                "direction": "Outbound",
                "name": "Allow_Outbound_CTX_services",
                "priority": 400,
                "protocol": "*",
                "source_address_prefix": "10.10.9.0/24",
                "source_address_prefixes": [],
                "source_application_security_group_ids": [],
                "source_port_range": "*",
                "source_port_ranges": []
              },
              {
                "access": "Allow",
                "description": "",
                "destination_address_prefix": "Internet",
                "destination_address_prefixes": [],
                "destination_application_security_group_ids": [],
                "destination_port_range": "*",
                "destination_port_ranges": [],
                "direction": "Outbound",
                "name": "Allow_Outbound_Internet",
                "priority": 4000,
                "protocol": "*",
                "source_address_prefix": "*",
                "source_address_prefixes": [],
                "source_application_security_group_ids": [],
                "source_port_range": "*",
                "source_port_ranges": []
              },
              {
                "access": "Allow",
                "description": "Allow_Inbound_AzureLoadBalancer",
                "destination_address_prefix": "*",
                "destination_address_prefixes": [],
                "destination_application_security_group_ids": [],
                "destination_port_range": "*",
                "destination_port_ranges": [],
                "direction": "Inbound",
                "name": "Allow_Inbound_AzureLoadBalancer",
                "priority": 900,
                "protocol": "*",
                "source_address_prefix": "AzureLoadBalancer",
                "source_address_prefixes": [],
                "source_application_security_group_ids": [],
                "source_port_range": "*",
                "source_port_ranges": []
              },
              {
                "access": "Deny",
                "description": "",
                "destination_address_prefix": "*",
                "destination_address_prefixes": [],
                "destination_application_security_group_ids": [],
                "destination_port_range": "*",
                "destination_port_ranges": [],
                "direction": "Inbound",
                "name": "Deny_Inbound_All",
                "priority": 4096,
                "protocol": "*",
                "source_address_prefix": "*",
                "source_address_prefixes": [],
                "source_application_security_group_ids": [],
                "source_port_range": "*",
                "source_port_ranges": []
              },
              {
                "access": "Deny",
                "description": "",
                "destination_address_prefix": "*",
                "destination_address_prefixes": [],
                "destination_application_security_group_ids": [],
                "destination_port_range": "*",
                "destination_port_ranges": [],
                "direction": "Outbound",
                "name": "Deny_Outbound_All",
                "priority": 4096,
                "protocol": "*",
                "source_address_prefix": "*",
                "source_address_prefixes": [],
                "source_application_security_group_ids": [],
                "source_port_range": "*",
                "source_port_ranges": []
              }
            ],
            "tags": {
              "Application": "Infra",
              "Environment": "Test"
            },
            "timeouts": null
          },
          "sensitive_attributes": [],
          "private": "eyJlMmJmYjczMC1lY2FhLTExZTYtOGY4OC0zNDM2M2JjN2M0YzAiOnsiY3JlYXRlIjoxODAwMDAwMDAwMDAwLCJkZWxldGUiOjE4MDAwMDAwMDAwMDAsInJlYWQiOjMwMDAwMDAwMDAwMCwidXBkYXRlIjoxODAwMDAwMDAwMDAwfX0=",
          "dependencies": [
            "azurerm_resource_group.rginfra"
          ]
        },
        {
          "index_key": "nsg-snet-mgmt-test-01",
          "schema_version": 0,
          "attributes": {
            "id": "/subscriptions/0dcc13b7-1a10-483e-95aa-fe7e71802e2e/resourceGroups/rg-infra-test-01/providers/Microsoft.Network/networkSecurityGroups/nsg-snet-mgmt-test-01",
            "location": "swedencentral",
            "name": "nsg-snet-mgmt-test-01",
            "resource_group_name": "rg-infra-test-01",
            "security_rule": [
              {
                "access": "Allow",
                "description": "",
                "destination_address_prefix": "",
                "destination_address_prefixes": [
                  "10.10.5.200",
                  "10.10.5.201"
                ],
                "destination_application_security_group_ids": [],
                "destination_port_range": "",
                "destination_port_ranges": [
                  "135",
                  "443",
                  "445",
                  "49152-65535",
                  "6910-6969",
                  "80"
                ],
                "direction": "Inbound",
                "name": "Allow_Inbound_CTX_ADC",
                "priority": 900,
                "protocol": "*",
                "source_address_prefix": "10.10.0.0/16",
                "source_address_prefixes": [],
                "source_application_security_group_ids": [],
                "source_port_range": "*",
                "source_port_ranges": []
              },
              {
                "access": "Allow",
                "description": "",
                "destination_address_prefix": "*",
                "destination_address_prefixes": [],
                "destination_application_security_group_ids": [],
                "destination_port_range": "",
                "destination_port_ranges": [
                  "123",
                  "135",
                  "137-139",
                  "3268-3269",
                  "3389",
                  "389",
                  "445",
                  "464",
                  "49152-65535",
                  "53",
                  "5722",
                  "636",
                  "88",
                  "9389"
                ],
                "direction": "Inbound",
                "name": "Allow_Inbound_ActiveDirectory",
                "priority": 400,
                "protocol": "*",
                "source_address_prefix": "10.10.4.0/24",
                "source_address_prefixes": [],
                "source_application_security_group_ids": [],
                "source_port_range": "*",
                "source_port_ranges": []
              },
              {
                "access": "Allow",
                "description": "",
                "destination_address_prefix": "*",
                "destination_address_prefixes": [],
                "destination_application_security_group_ids": [],
                "destination_port_range": "",
                "destination_port_ranges": [
                  "135",
                  "139",
                  "1433",
                  "22",
                  "3389",
                  "443",
                  "445",
                  "5986",
                  "80"
                ],
                "direction": "Inbound",
                "name": "Allow_Inbound_Mgmt",
                "priority": 300,
                "protocol": "*",
                "source_address_prefix": "10.10.5.0/24",
                "source_address_prefixes": [],
                "source_application_security_group_ids": [],
                "source_port_range": "*",
                "source_port_ranges": []
              },
              {
                "access": "Allow",
                "description": "",
                "destination_address_prefix": "*",
                "destination_address_prefixes": [],
                "destination_application_security_group_ids": [],
                "destination_port_range": "",
                "destination_port_ranges": [
                  "22",
                  "3389"
                ],
                "direction": "Inbound",
                "name": "Allow_Inbound_Bastion",
                "priority": 100,
                "protocol": "*",
                "source_address_prefix": "10.10.2.0/24",
                "source_address_prefixes": [],
                "source_application_security_group_ids": [],
                "source_port_range": "*",
                "source_port_ranges": []
              },
              {
                "access": "Allow",
                "description": "",
                "destination_address_prefix": "*",
                "destination_address_prefixes": [],
                "destination_application_security_group_ids": [],
                "destination_port_range": "",
                "destination_port_ranges": [
                  "3003",
                  "3008",
                  "3009",
                  "443"
                ],
                "direction": "Outbound",
                "name": "Allow_Outbound_CTX_ADC",
                "priority": 600,
                "protocol": "*",
                "source_address_prefix": "",
                "source_address_prefixes": [
                  "10.10.5.200",
                  "10.10.5.201"
                ],
                "source_application_security_group_ids": [],
                "source_port_range": "*",
                "source_port_ranges": []
              },
              {
                "access": "Allow",
                "description": "",
                "destination_address_prefix": "*",
                "destination_address_prefixes": [],
                "destination_application_security_group_ids": [],
                "destination_port_range": "*",
                "destination_port_ranges": [],
                "direction": "Inbound",
                "name": "Allow_Inbound_ICMP",
                "priority": 200,
                "protocol": "Icmp",
                "source_address_prefix": "10.10.5.0/24",
                "source_address_prefixes": [],
                "source_application_security_group_ids": [],
                "source_port_range": "*",
                "source_port_ranges": []
              },
              {
                "access": "Allow",
                "description": "",
                "destination_address_prefix": "*",
                "destination_address_prefixes": [],
                "destination_application_security_group_ids": [],
                "destination_port_range": "10050",
                "destination_port_ranges": [],
                "direction": "Inbound",
                "name": "Allow_Inbound_Monitor",
                "priority": 500,
                "protocol": "*",
                "source_address_prefix": "10.10.7.11/32",
                "source_address_prefixes": [],
                "source_application_security_group_ids": [],
                "source_port_range": "*",
                "source_port_ranges": []
              },
              {
                "access": "Allow",
                "description": "",
                "destination_address_prefix": "*",
                "destination_address_prefixes": [],
                "destination_application_security_group_ids": [],
                "destination_port_range": "445",
                "destination_port_ranges": [],
                "direction": "Inbound",
                "name": "Allow_Inbound_Files",
                "priority": 600,
                "protocol": "*",
                "source_address_prefix": "10.10.0.0/16",
                "source_address_prefixes": [],
                "source_application_security_group_ids": [],
                "source_port_range": "*",
                "source_port_ranges": []
              },
              {
                "access": "Allow",
                "description": "",
                "destination_address_prefix": "10.10.0.0/16",
                "destination_address_prefixes": [],
                "destination_application_security_group_ids": [],
                "destination_port_range": "",
                "destination_port_ranges": [
                  "135",
                  "139",
                  "1433",
                  "22",
                  "3389",
                  "443",
                  "445",
                  "5986",
                  "80"
                ],
                "direction": "Outbound",
                "name": "Allow_Outbound_Mgmt",
                "priority": 200,
                "protocol": "*",
                "source_address_prefix": "*",
                "source_address_prefixes": [],
                "source_application_security_group_ids": [],
                "source_port_range": "*",
                "source_port_ranges": []
              },
              {
                "access": "Allow",
                "description": "",
                "destination_address_prefix": "10.10.0.0/16",
                "destination_address_prefixes": [],
                "destination_application_security_group_ids": [],
                "destination_port_range": "*",
                "destination_port_ranges": [],
                "direction": "Outbound",
                "name": "Allow_Outbound_ICMP",
                "priority": 100,
                "protocol": "Icmp",
                "source_address_prefix": "*",
                "source_address_prefixes": [],
                "source_application_security_group_ids": [],
                "source_port_range": "*",
                "source_port_ranges": []
              },
              {
                "access": "Allow",
                "description": "",
                "destination_address_prefix": "10.10.4.0/24",
                "destination_address_prefixes": [],
                "destination_application_security_group_ids": [],
                "destination_port_range": "",
                "destination_port_ranges": [
                  "123",
                  "135",
                  "137-139",
                  "3268-3269",
                  "3389",
                  "389",
                  "445",
                  "464",
                  "49152-65535",
                  "53",
                  "5722",
                  "636",
                  "88",
                  "9389"
                ],
                "direction": "Outbound",
                "name": "Allow_Outbound_ActiveDirectory",
                "priority": 300,
                "protocol": "*",
                "source_address_prefix": "*",
                "source_address_prefixes": [],
                "source_application_security_group_ids": [],
                "source_port_range": "*",
                "source_port_ranges": []
              },
              {
                "access": "Allow",
                "description": "",
                "destination_address_prefix": "10.10.5.0/24",
                "destination_address_prefixes": [],
                "destination_application_security_group_ids": [],
                "destination_port_range": "",
                "destination_port_ranges": [
                  "135",
                  "443",
                  "445",
                  "49152-65535",
                  "6910-6969",
                  "80"
                ],
                "direction": "Inbound",
                "name": "Allow_Inbound_CTX_VDA",
                "priority": 700,
                "protocol": "*",
                "source_address_prefix": "10.10.9.0/24",
                "source_address_prefixes": [],
                "source_application_security_group_ids": [],
                "source_port_range": "*",
                "source_port_ranges": []
              },
              {
                "access": "Allow",
                "description": "",
                "destination_address_prefix": "10.10.7.11/32",
                "destination_address_prefixes": [],
                "destination_application_security_group_ids": [],
                "destination_port_range": "10051",
                "destination_port_ranges": [],
                "direction": "Outbound",
                "name": "Allow_Outbound_Monitor",
                "priority": 400,
                "protocol": "*",
                "source_address_prefix": "*",
                "source_address_prefixes": [],
                "source_application_security_group_ids": [],
                "source_port_range": "*",
                "source_port_ranges": []
              },
              {
                "access": "Allow",
                "description": "",
                "destination_address_prefix": "10.10.9.0/24",
                "destination_address_prefixes": [],
                "destination_application_security_group_ids": [],
                "destination_port_range": "",
                "destination_port_ranges": [
                  "135",
                  "443",
                  "445",
                  "49152-65535",
                  "6910-6969",
                  "80"
                ],
                "direction": "Outbound",
                "name": "Allow_Outbound_CTX_services",
                "priority": 500,
                "protocol": "*",
                "source_address_prefix": "10.10.5.0/24",
                "source_address_prefixes": [],
                "source_application_security_group_ids": [],
                "source_port_range": "*",
                "source_port_ranges": []
              },
              {
                "access": "Allow",
                "description": "",
                "destination_address_prefix": "Internet",
                "destination_address_prefixes": [],
                "destination_application_security_group_ids": [],
                "destination_port_range": "*",
                "destination_port_ranges": [],
                "direction": "Outbound",
                "name": "Allow_Outbound_Internet",
                "priority": 4000,
                "protocol": "*",
                "source_address_prefix": "*",
                "source_address_prefixes": [],
                "source_application_security_group_ids": [],
                "source_port_range": "*",
                "source_port_ranges": []
              },
              {
                "access": "Allow",
                "description": "Allow_Inbound_AzureLoadBalancer",
                "destination_address_prefix": "*",
                "destination_address_prefixes": [],
                "destination_application_security_group_ids": [],
                "destination_port_range": "*",
                "destination_port_ranges": [],
                "direction": "Inbound",
                "name": "Allow_Inbound_AzureLoadBalancer",
                "priority": 800,
                "protocol": "Tcp",
                "source_address_prefix": "AzureLoadBalancer",
                "source_address_prefixes": [],
                "source_application_security_group_ids": [],
                "source_port_range": "*",
                "source_port_ranges": []
              },
              {
                "access": "Deny",
                "description": "",
                "destination_address_prefix": "*",
                "destination_address_prefixes": [],
                "destination_application_security_group_ids": [],
                "destination_port_range": "*",
                "destination_port_ranges": [],
                "direction": "Inbound",
                "name": "Deny_Inbound_All",
                "priority": 4096,
                "protocol": "*",
                "source_address_prefix": "*",
                "source_address_prefixes": [],
                "source_application_security_group_ids": [],
                "source_port_range": "*",
                "source_port_ranges": []
              },
              {
                "access": "Deny",
                "description": "",
                "destination_address_prefix": "*",
                "destination_address_prefixes": [],
                "destination_application_security_group_ids": [],
                "destination_port_range": "*",
                "destination_port_ranges": [],
                "direction": "Outbound",
                "name": "Deny_Outbound_All",
                "priority": 4096,
                "protocol": "*",
                "source_address_prefix": "*",
                "source_address_prefixes": [],
                "source_application_security_group_ids": [],
                "source_port_range": "*",
                "source_port_ranges": []
              }
            ],
            "tags": {
              "Application": "Infra",
              "Environment": "Test"
            },
            "timeouts": null
          },
          "sensitive_attributes": [],
          "private": "eyJlMmJmYjczMC1lY2FhLTExZTYtOGY4OC0zNDM2M2JjN2M0YzAiOnsiY3JlYXRlIjoxODAwMDAwMDAwMDAwLCJkZWxldGUiOjE4MDAwMDAwMDAwMDAsInJlYWQiOjMwMDAwMDAwMDAwMCwidXBkYXRlIjoxODAwMDAwMDAwMDAwfX0=",
          "dependencies": [
            "azurerm_resource_group.rginfra"
          ]
        },
        {
          "index_key": "nsg-snet-pe-test-01",
          "schema_version": 0,
          "attributes": {
            "id": "/subscriptions/0dcc13b7-1a10-483e-95aa-fe7e71802e2e/resourceGroups/rg-infra-test-01/providers/Microsoft.Network/networkSecurityGroups/nsg-snet-pe-test-01",
            "location": "swedencentral",
            "name": "nsg-snet-pe-test-01",
            "resource_group_name": "rg-infra-test-01",
            "security_rule": [
              {
                "access": "Allow",
                "description": "",
                "destination_address_prefix": "*",
                "destination_address_prefixes": [],
                "destination_application_security_group_ids": [],
                "destination_port_range": "10050",
                "destination_port_ranges": [],
                "direction": "Inbound",
                "name": "Allow_Inbound_Monitor",
                "priority": 500,
                "protocol": "*",
                "source_address_prefix": "10.10.7.11/32",
                "source_address_prefixes": [],
                "source_application_security_group_ids": [],
                "source_port_range": "*",
                "source_port_ranges": []
              },
              {
                "access": "Deny",
                "description": "",
                "destination_address_prefix": "*",
                "destination_address_prefixes": [],
                "destination_application_security_group_ids": [],
                "destination_port_range": "*",
                "destination_port_ranges": [],
                "direction": "Inbound",
                "name": "Deny_Inbound_All",
                "priority": 4096,
                "protocol": "*",
                "source_address_prefix": "10.10.7.11/32",
                "source_address_prefixes": [],
                "source_application_security_group_ids": [],
                "source_port_range": "*",
                "source_port_ranges": []
              },
              {
                "access": "Deny",
                "description": "",
                "destination_address_prefix": "*",
                "destination_address_prefixes": [],
                "destination_application_security_group_ids": [],
                "destination_port_range": "*",
                "destination_port_ranges": [],
                "direction": "Outbound",
                "name": "Deny_Outbound_All",
                "priority": 4096,
                "protocol": "*",
                "source_address_prefix": "*",
                "source_address_prefixes": [],
                "source_application_security_group_ids": [],
                "source_port_range": "*",
                "source_port_ranges": []
              }
            ],
            "tags": {
              "Application": "Infra",
              "Environment": "Test"
            },
            "timeouts": null
          },
          "sensitive_attributes": [],
          "private": "eyJlMmJmYjczMC1lY2FhLTExZTYtOGY4OC0zNDM2M2JjN2M0YzAiOnsiY3JlYXRlIjoxODAwMDAwMDAwMDAwLCJkZWxldGUiOjE4MDAwMDAwMDAwMDAsInJlYWQiOjMwMDAwMDAwMDAwMCwidXBkYXRlIjoxODAwMDAwMDAwMDAwfX0=",
          "dependencies": [
            "azurerm_resource_group.rginfra"
          ]
        },
        {
          "index_key": "nsg-snet-sql-test-01",
          "schema_version": 0,
          "attributes": {
            "id": "/subscriptions/0dcc13b7-1a10-483e-95aa-fe7e71802e2e/resourceGroups/rg-infra-test-01/providers/Microsoft.Network/networkSecurityGroups/nsg-snet-sql-test-01",
            "location": "swedencentral",
            "name": "nsg-snet-sql-test-01",
            "resource_group_name": "rg-infra-test-01",
            "security_rule": [
              {
                "access": "Allow",
                "description": "",
                "destination_address_prefix": "*",
                "destination_address_prefixes": [],
                "destination_application_security_group_ids": [],
                "destination_port_range": "",
                "destination_port_ranges": [
                  "123",
                  "135",
                  "137-139",
                  "3268-3269",
                  "3389",
                  "389",
                  "445",
                  "464",
                  "49152-65535",
                  "53",
                  "5722",
                  "636",
                  "88",
                  "9389"
                ],
                "direction": "Inbound",
                "name": "Allow_Inbound_ActiveDirectory",
                "priority": 400,
                "protocol": "*",
                "source_address_prefix": "10.10.4.0/24",
                "source_address_prefixes": [],
                "source_application_security_group_ids": [],
                "source_port_range": "*",
                "source_port_ranges": []
              },
              {
                "access": "Allow",
                "description": "",
                "destination_address_prefix": "*",
                "destination_address_prefixes": [],
                "destination_application_security_group_ids": [],
                "destination_port_range": "",
                "destination_port_ranges": [
                  "135",
                  "139",
                  "1433",
                  "22",
                  "3389",
                  "443",
                  "445",
                  "5986",
                  "80"
                ],
                "direction": "Inbound",
                "name": "Allow_Inbound_Mgmt",
                "priority": 300,
                "protocol": "*",
                "source_address_prefix": "10.10.5.0/24",
                "source_address_prefixes": [],
                "source_application_security_group_ids": [],
                "source_port_range": "*",
                "source_port_ranges": []
              },
              {
                "access": "Allow",
                "description": "",
                "destination_address_prefix": "*",
                "destination_address_prefixes": [],
                "destination_application_security_group_ids": [],
                "destination_port_range": "",
                "destination_port_ranges": [
                  "22",
                  "3389"
                ],
                "direction": "Inbound",
                "name": "Allow_Inbound_Bastion",
                "priority": 100,
                "protocol": "*",
                "source_address_prefix": "10.10.2.0/24",
                "source_address_prefixes": [],
                "source_application_security_group_ids": [],
                "source_port_range": "*",
                "source_port_ranges": []
              },
              {
                "access": "Allow",
                "description": "",
                "destination_address_prefix": "*",
                "destination_address_prefixes": [],
                "destination_application_security_group_ids": [],
                "destination_port_range": "*",
                "destination_port_ranges": [],
                "direction": "Inbound",
                "name": "Allow_Inbound_ICMP",
                "priority": 200,
                "protocol": "Icmp",
                "source_address_prefix": "10.10.5.0/24",
                "source_address_prefixes": [],
                "source_application_security_group_ids": [],
                "source_port_range": "*",
                "source_port_ranges": []
              },
              {
                "access": "Allow",
                "description": "",
                "destination_address_prefix": "*",
                "destination_address_prefixes": [],
                "destination_application_security_group_ids": [],
                "destination_port_range": "10050",
                "destination_port_ranges": [],
                "direction": "Inbound",
                "name": "Allow_Inbound_Monitor",
                "priority": 500,
                "protocol": "*",
                "source_address_prefix": "10.10.7.11/32",
                "source_address_prefixes": [],
                "source_application_security_group_ids": [],
                "source_port_range": "*",
                "source_port_ranges": []
              },
              {
                "access": "Allow",
                "description": "",
                "destination_address_prefix": "*",
                "destination_address_prefixes": [],
                "destination_application_security_group_ids": [],
                "destination_port_range": "1433",
                "destination_port_ranges": [],
                "direction": "Inbound",
                "name": "Allow_Inbound_SQL",
                "priority": 600,
                "protocol": "*",
                "source_address_prefix": "",
                "source_address_prefixes": [
                  "10.10.7.0/24",
                  "10.10.8.0/24"
                ],
                "source_application_security_group_ids": [],
                "source_port_range": "*",
                "source_port_ranges": []
              },
              {
                "access": "Allow",
                "description": "",
                "destination_address_prefix": "*",
                "destination_address_prefixes": [],
                "destination_application_security_group_ids": [],
                "destination_port_range": "80",
                "destination_port_ranges": [],
                "direction": "Inbound",
                "name": "Allow_Inbound_SQL_SSRS",
                "priority": 800,
                "protocol": "*",
                "source_address_prefix": "10.10.8.0/24",
                "source_address_prefixes": [],
                "source_application_security_group_ids": [],
                "source_port_range": "*",
                "source_port_ranges": []
              },
              {
                "access": "Allow",
                "description": "",
                "destination_address_prefix": "10.10.4.0/24",
                "destination_address_prefixes": [],
                "destination_application_security_group_ids": [],
                "destination_port_range": "",
                "destination_port_ranges": [
                  "123",
                  "135",
                  "137-139",
                  "3268-3269",
                  "3389",
                  "389",
                  "445",
                  "464",
                  "49152-65535",
                  "53",
                  "5722",
                  "636",
                  "88",
                  "9389"
                ],
                "direction": "Outbound",
                "name": "Allow_Outbound_ActiveDirectory",
                "priority": 100,
                "protocol": "*",
                "source_address_prefix": "*",
                "source_address_prefixes": [],
                "source_application_security_group_ids": [],
                "source_port_range": "*",
                "source_port_ranges": []
              },
              {
                "access": "Allow",
                "description": "",
                "destination_address_prefix": "10.10.5.0/24",
                "destination_address_prefixes": [],
                "destination_application_security_group_ids": [],
                "destination_port_range": "445",
                "destination_port_ranges": [],
                "direction": "Outbound",
                "name": "Allow_Outbound_File",
                "priority": 300,
                "protocol": "*",
                "source_address_prefix": "*",
                "source_address_prefixes": [],
                "source_application_security_group_ids": [],
                "source_port_range": "*",
                "source_port_ranges": []
              },
              {
                "access": "Allow",
                "description": "",
                "destination_address_prefix": "10.10.6.11/32",
                "destination_address_prefixes": [],
                "destination_application_security_group_ids": [],
                "destination_port_range": "",
                "destination_port_ranges": [
                  "1433",
                  "1434"
                ],
                "direction": "Inbound",
                "name": "Allow_Inbound_SQL_CTX",
                "priority": 700,
                "protocol": "*",
                "source_address_prefix": "",
                "source_address_prefixes": [
                  "10.10.10.0/24",
                  "10.10.9.0/24"
                ],
                "source_application_security_group_ids": [],
                "source_port_range": "*",
                "source_port_ranges": []
              },
              {
                "access": "Allow",
                "description": "",
                "destination_address_prefix": "10.10.7.11/32",
                "destination_address_prefixes": [],
                "destination_application_security_group_ids": [],
                "destination_port_range": "10051",
                "destination_port_ranges": [],
                "direction": "Outbound",
                "name": "Allow_Outbound_Monitor",
                "priority": 200,
                "protocol": "*",
                "source_address_prefix": "*",
                "source_address_prefixes": [],
                "source_application_security_group_ids": [],
                "source_port_range": "*",
                "source_port_ranges": []
              },
              {
                "access": "Allow",
                "description": "",
                "destination_address_prefix": "Internet",
                "destination_address_prefixes": [],
                "destination_application_security_group_ids": [],
                "destination_port_range": "*",
                "destination_port_ranges": [],
                "direction": "Outbound",
                "name": "Allow_Outbound_Internet",
                "priority": 4000,
                "protocol": "*",
                "source_address_prefix": "*",
                "source_address_prefixes": [],
                "source_application_security_group_ids": [],
                "source_port_range": "*",
                "source_port_ranges": []
              },
              {
                "access": "Deny",
                "description": "",
                "destination_address_prefix": "*",
                "destination_address_prefixes": [],
                "destination_application_security_group_ids": [],
                "destination_port_range": "*",
                "destination_port_ranges": [],
                "direction": "Inbound",
                "name": "Deny_Inbound_All",
                "priority": 4096,
                "protocol": "*",
                "source_address_prefix": "*",
                "source_address_prefixes": [],
                "source_application_security_group_ids": [],
                "source_port_range": "*",
                "source_port_ranges": []
              },
              {
                "access": "Deny",
                "description": "",
                "destination_address_prefix": "*",
                "destination_address_prefixes": [],
                "destination_application_security_group_ids": [],
                "destination_port_range": "*",
                "destination_port_ranges": [],
                "direction": "Outbound",
                "name": "Deny_Outbound_All",
                "priority": 4096,
                "protocol": "*",
                "source_address_prefix": "*",
                "source_address_prefixes": [],
                "source_application_security_group_ids": [],
                "source_port_range": "*",
                "source_port_ranges": []
              }
            ],
            "tags": {
              "Application": "Infra",
              "Environment": "Test"
            },
            "timeouts": null
          },
          "sensitive_attributes": [],
          "private": "eyJlMmJmYjczMC1lY2FhLTExZTYtOGY4OC0zNDM2M2JjN2M0YzAiOnsiY3JlYXRlIjoxODAwMDAwMDAwMDAwLCJkZWxldGUiOjE4MDAwMDAwMDAwMDAsInJlYWQiOjMwMDAwMDAwMDAwMCwidXBkYXRlIjoxODAwMDAwMDAwMDAwfX0=",
          "dependencies": [
            "azurerm_resource_group.rginfra"
          ]
        },
        {
          "index_key": "nsg-snet-vda-test-01",
          "schema_version": 0,
          "attributes": {
            "id": "/subscriptions/0dcc13b7-1a10-483e-95aa-fe7e71802e2e/resourceGroups/rg-infra-test-01/providers/Microsoft.Network/networkSecurityGroups/nsg-snet-vda-test-01",
            "location": "swedencentral",
            "name": "nsg-snet-vda-test-01",
            "resource_group_name": "rg-infra-test-01",
            "security_rule": [
              {
                "access": "Allow",
                "description": "",
                "destination_address_prefix": "",
                "destination_address_prefixes": [
                  "10.10.10.0/24",
                  "10.10.9.0/24"
                ],
                "destination_application_security_group_ids": [],
                "destination_port_range": "",
                "destination_port_ranges": [
                  "1494",
                  "16500-16509",
                  "2598",
                  "443",
                  "54321-54323",
                  "6901",
                  "6902",
                  "6905",
                  "80"
                ],
                "direction": "Outbound",
                "name": "Allow_Outbound_CTX_VDA",
                "priority": 800,
                "protocol": "*",
                "source_address_prefix": "10.10.10.0/24",
                "source_address_prefixes": [],
                "source_application_security_group_ids": [],
                "source_port_range": "*",
                "source_port_ranges": []
              },
              {
                "access": "Allow",
                "description": "",
                "destination_address_prefix": "",
                "destination_address_prefixes": [
                  "10.10.10.200",
                  "10.10.10.201"
                ],
                "destination_application_security_group_ids": [],
                "destination_port_range": "443",
                "destination_port_ranges": [],
                "direction": "Inbound",
                "name": "Allow_Inbound_Web_ADC",
                "priority": 700,
                "protocol": "*",
                "source_address_prefix": "10.10.0.0/16",
                "source_address_prefixes": [],
                "source_application_security_group_ids": [],
                "source_port_range": "*",
                "source_port_ranges": []
              },
              {
                "access": "Allow",
                "description": "",
                "destination_address_prefix": "",
                "destination_address_prefixes": [
                  "10.10.9.17/32",
                  "10.10.9.18/32"
                ],
                "destination_application_security_group_ids": [],
                "destination_port_range": "",
                "destination_port_ranges": [
                  "135",
                  "139",
                  "443",
                  "445",
                  "7750",
                  "7751",
                  "80"
                ],
                "direction": "Outbound",
                "name": "Allow_Outbound_CPM",
                "priority": 700,
                "protocol": "*",
                "source_address_prefix": "10.10.10.0/24",
                "source_address_prefixes": [],
                "source_application_security_group_ids": [],
                "source_port_range": "*",
                "source_port_ranges": []
              },
              {
                "access": "Allow",
                "description": "",
                "destination_address_prefix": "*",
                "destination_address_prefixes": [],
                "destination_application_security_group_ids": [],
                "destination_port_range": "",
                "destination_port_ranges": [
                  "123",
                  "135",
                  "137-139",
                  "3268-3269",
                  "3389",
                  "389",
                  "445",
                  "464",
                  "49152-65535",
                  "53",
                  "5722",
                  "636",
                  "88",
                  "9389"
                ],
                "direction": "Inbound",
                "name": "Allow_Inbound_ActiveDirectory",
                "priority": 400,
                "protocol": "*",
                "source_address_prefix": "10.10.4.0/24",
                "source_address_prefixes": [],
                "source_application_security_group_ids": [],
                "source_port_range": "*",
                "source_port_ranges": []
              },
              {
                "access": "Allow",
                "description": "",
                "destination_address_prefix": "*",
                "destination_address_prefixes": [],
                "destination_application_security_group_ids": [],
                "destination_port_range": "",
                "destination_port_ranges": [
                  "135",
                  "139",
                  "1433",
                  "22",
                  "3389",
                  "443",
                  "445",
                  "5986",
                  "80"
                ],
                "direction": "Inbound",
                "name": "Allow_Inbound_Mgmt",
                "priority": 300,
                "protocol": "*",
                "source_address_prefix": "10.10.5.0/24",
                "source_address_prefixes": [],
                "source_application_security_group_ids": [],
                "source_port_range": "*",
                "source_port_ranges": []
              },
              {
                "access": "Allow",
                "description": "",
                "destination_address_prefix": "*",
                "destination_address_prefixes": [],
                "destination_application_security_group_ids": [],
                "destination_port_range": "",
                "destination_port_ranges": [
                  "22",
                  "3389"
                ],
                "direction": "Inbound",
                "name": "Allow_Inbound_Bastion",
                "priority": 100,
                "protocol": "*",
                "source_address_prefix": "10.10.2.0/24",
                "source_address_prefixes": [],
                "source_application_security_group_ids": [],
                "source_port_range": "*",
                "source_port_ranges": []
              },
              {
                "access": "Allow",
                "description": "",
                "destination_address_prefix": "*",
                "destination_address_prefixes": [],
                "destination_application_security_group_ids": [],
                "destination_port_range": "",
                "destination_port_ranges": [
                  "3003",
                  "3008",
                  "3009",
                  "443"
                ],
                "direction": "Outbound",
                "name": "Allow_Outbound_CTX_ADC",
                "priority": 600,
                "protocol": "*",
                "source_address_prefix": "",
                "source_address_prefixes": [
                  "10.10.10.200",
                  "10.10.10.201"
                ],
                "source_application_security_group_ids": [],
                "source_port_range": "*",
                "source_port_ranges": []
              },
              {
                "access": "Allow",
                "description": "",
                "destination_address_prefix": "*",
                "destination_address_prefixes": [],
                "destination_application_security_group_ids": [],
                "destination_port_range": "*",
                "destination_port_ranges": [],
                "direction": "Inbound",
                "name": "Allow_Inbound_ICMP",
                "priority": 200,
                "protocol": "Icmp",
                "source_address_prefix": "10.10.5.0/24",
                "source_address_prefixes": [],
                "source_application_security_group_ids": [],
                "source_port_range": "*",
                "source_port_ranges": []
              },
              {
                "access": "Allow",
                "description": "",
                "destination_address_prefix": "*",
                "destination_address_prefixes": [],
                "destination_application_security_group_ids": [],
                "destination_port_range": "10050",
                "destination_port_ranges": [],
                "direction": "Inbound",
                "name": "Allow_Inbound_Monitor",
                "priority": 500,
                "protocol": "*",
                "source_address_prefix": "10.10.7.11/32",
                "source_address_prefixes": [],
                "source_application_security_group_ids": [],
                "source_port_range": "*",
                "source_port_ranges": []
              },
              {
                "access": "Allow",
                "description": "",
                "destination_address_prefix": "10.10.10.0/24",
                "destination_address_prefixes": [],
                "destination_application_security_group_ids": [],
                "destination_port_range": "",
                "destination_port_ranges": [
                  "135",
                  "139",
                  "443",
                  "445",
                  "7750",
                  "7751",
                  "7771",
                  "80"
                ],
                "direction": "Inbound",
                "name": "Allow_Inbound_CPM_MGMT",
                "priority": 800,
                "protocol": "*",
                "source_address_prefix": "10.10.9.0/24",
                "source_address_prefixes": [],
                "source_application_security_group_ids": [],
                "source_port_range": "*",
                "source_port_ranges": []
              },
              {
                "access": "Allow",
                "description": "",
                "destination_address_prefix": "10.10.10.0/24",
                "destination_address_prefixes": [],
                "destination_application_security_group_ids": [],
                "destination_port_range": "",
                "destination_port_ranges": [
                  "135",
                  "1494",
                  "2071",
                  "2598",
                  "443",
                  "445",
                  "49152-65535",
                  "6901",
                  "6902",
                  "6905",
                  "6910-6969",
                  "80"
                ],
                "direction": "Inbound",
                "name": "Allow_Inbound_CTX_VDA",
                "priority": 600,
                "protocol": "*",
                "source_address_prefix": "",
                "source_address_prefixes": [
                  "10.10.10.0/24",
                  "10.10.9.0/24"
                ],
                "source_application_security_group_ids": [],
                "source_port_range": "*",
                "source_port_ranges": []
              },
              {
                "access": "Allow",
                "description": "",
                "destination_address_prefix": "10.10.4.0/24",
                "destination_address_prefixes": [],
                "destination_application_security_group_ids": [],
                "destination_port_range": "",
                "destination_port_ranges": [
                  "123",
                  "135",
                  "137-139",
                  "3268-3269",
                  "3389",
                  "389",
                  "445",
                  "464",
                  "49152-65535",
                  "53",
                  "5722",
                  "636",
                  "88",
                  "9389"
                ],
                "direction": "Outbound",
                "name": "Allow_Outbound_ActiveDirectory",
                "priority": 100,
                "protocol": "*",
                "source_address_prefix": "*",
                "source_address_prefixes": [],
                "source_application_security_group_ids": [],
                "source_port_range": "*",
                "source_port_ranges": []
              },
              {
                "access": "Allow",
                "description": "",
                "destination_address_prefix": "10.10.5.0/24",
                "destination_address_prefixes": [],
                "destination_application_security_group_ids": [],
                "destination_port_range": "445",
                "destination_port_ranges": [],
                "direction": "Outbound",
                "name": "Allow_Outbound_File",
                "priority": 300,
                "protocol": "*",
                "source_address_prefix": "*",
                "source_address_prefixes": [],
                "source_application_security_group_ids": [],
                "source_port_range": "*",
                "source_port_ranges": []
              },
              {
                "access": "Allow",
                "description": "",
                "destination_address_prefix": "10.10.6.11/32",
                "destination_address_prefixes": [],
                "destination_application_security_group_ids": [],
                "destination_port_range": "",
                "destination_port_ranges": [
                  "1433",
                  "1434"
                ],
                "direction": "Outbound",
                "name": "Allow_Outbound_CTX_SQL",
                "priority": 500,
                "protocol": "*",
                "source_address_prefix": "10.10.10.0/24",
                "source_address_prefixes": [],
                "source_application_security_group_ids": [],
                "source_port_range": "*",
                "source_port_ranges": []
              },
              {
                "access": "Allow",
                "description": "",
                "destination_address_prefix": "10.10.7.11/32",
                "destination_address_prefixes": [],
                "destination_application_security_group_ids": [],
                "destination_port_range": "10051",
                "destination_port_ranges": [],
                "direction": "Outbound",
                "name": "Allow_Outbound_Monitor",
                "priority": 200,
                "protocol": "*",
                "source_address_prefix": "*",
                "source_address_prefixes": [],
                "source_application_security_group_ids": [],
                "source_port_range": "*",
                "source_port_ranges": []
              },
              {
                "access": "Allow",
                "description": "",
                "destination_address_prefix": "10.10.9.0/24",
                "destination_address_prefixes": [],
                "destination_application_security_group_ids": [],
                "destination_port_range": "",
                "destination_port_ranges": [
                  "135",
                  "443",
                  "445",
                  "49152-65535",
                  "6910-6969",
                  "80"
                ],
                "direction": "Outbound",
                "name": "Allow_Outbound_CTX_services",
                "priority": 400,
                "protocol": "*",
                "source_address_prefix": "10.10.10.0/24",
                "source_address_prefixes": [],
                "source_application_security_group_ids": [],
                "source_port_range": "*",
                "source_port_ranges": []
              },
              {
                "access": "Allow",
                "description": "",
                "destination_address_prefix": "Internet",
                "destination_address_prefixes": [],
                "destination_application_security_group_ids": [],
                "destination_port_range": "*",
                "destination_port_ranges": [],
                "direction": "Outbound",
                "name": "Allow_Outbound_Internet",
                "priority": 4000,
                "protocol": "*",
                "source_address_prefix": "*",
                "source_address_prefixes": [],
                "source_application_security_group_ids": [],
                "source_port_range": "*",
                "source_port_ranges": []
              },
              {
                "access": "Allow",
                "description": "Allow_Inbound_AzureLoadBalancer",
                "destination_address_prefix": "*",
                "destination_address_prefixes": [],
                "destination_application_security_group_ids": [],
                "destination_port_range": "*",
                "destination_port_ranges": [],
                "direction": "Inbound",
                "name": "Allow_Inbound_AzureLoadBalancer",
                "priority": 900,
                "protocol": "*",
                "source_address_prefix": "AzureLoadBalancer",
                "source_address_prefixes": [],
                "source_application_security_group_ids": [],
                "source_port_range": "*",
                "source_port_ranges": []
              },
              {
                "access": "Deny",
                "description": "",
                "destination_address_prefix": "*",
                "destination_address_prefixes": [],
                "destination_application_security_group_ids": [],
                "destination_port_range": "*",
                "destination_port_ranges": [],
                "direction": "Inbound",
                "name": "Deny_Inbound_All",
                "priority": 4096,
                "protocol": "*",
                "source_address_prefix": "*",
                "source_address_prefixes": [],
                "source_application_security_group_ids": [],
                "source_port_range": "*",
                "source_port_ranges": []
              },
              {
                "access": "Deny",
                "description": "",
                "destination_address_prefix": "*",
                "destination_address_prefixes": [],
                "destination_application_security_group_ids": [],
                "destination_port_range": "*",
                "destination_port_ranges": [],
                "direction": "Outbound",
                "name": "Deny_Outbound_All",
                "priority": 4096,
                "protocol": "*",
                "source_address_prefix": "*",
                "source_address_prefixes": [],
                "source_application_security_group_ids": [],
                "source_port_range": "*",
                "source_port_ranges": []
              }
            ],
            "tags": {
              "Application": "Infra",
              "Environment": "Test"
            },
            "timeouts": null
          },
          "sensitive_attributes": [],
          "private": "eyJlMmJmYjczMC1lY2FhLTExZTYtOGY4OC0zNDM2M2JjN2M0YzAiOnsiY3JlYXRlIjoxODAwMDAwMDAwMDAwLCJkZWxldGUiOjE4MDAwMDAwMDAwMDAsInJlYWQiOjMwMDAwMDAwMDAwMCwidXBkYXRlIjoxODAwMDAwMDAwMDAwfX0=",
          "dependencies": [
            "azurerm_resource_group.rginfra"
          ]
        },
        {
          "index_key": "nsg-snet-web-test-01",
          "schema_version": 0,
          "attributes": {
            "id": "/subscriptions/0dcc13b7-1a10-483e-95aa-fe7e71802e2e/resourceGroups/rg-infra-test-01/providers/Microsoft.Network/networkSecurityGroups/nsg-snet-web-test-01",
            "location": "swedencentral",
            "name": "nsg-snet-web-test-01",
            "resource_group_name": "rg-infra-test-01",
            "security_rule": [
              {
                "access": "Allow",
                "description": "",
                "destination_address_prefix": "*",
                "destination_address_prefixes": [],
                "destination_application_security_group_ids": [],
                "destination_port_range": "",
                "destination_port_ranges": [
                  "123",
                  "135",
                  "137-139",
                  "3268-3269",
                  "3389",
                  "389",
                  "445",
                  "464",
                  "49152-65535",
                  "53",
                  "5722",
                  "636",
                  "88",
                  "9389"
                ],
                "direction": "Inbound",
                "name": "Allow_Inbound_ActiveDirectory",
                "priority": 400,
                "protocol": "*",
                "source_address_prefix": "10.10.4.0/24",
                "source_address_prefixes": [],
                "source_application_security_group_ids": [],
                "source_port_range": "*",
                "source_port_ranges": []
              },
              {
                "access": "Allow",
                "description": "",
                "destination_address_prefix": "*",
                "destination_address_prefixes": [],
                "destination_application_security_group_ids": [],
                "destination_port_range": "",
                "destination_port_ranges": [
                  "135",
                  "139",
                  "1433",
                  "22",
                  "3389",
                  "443",
                  "445",
                  "5986",
                  "80"
                ],
                "direction": "Inbound",
                "name": "Allow_Inbound_Mgmt",
                "priority": 300,
                "protocol": "*",
                "source_address_prefix": "10.10.5.0/24",
                "source_address_prefixes": [],
                "source_application_security_group_ids": [],
                "source_port_range": "*",
                "source_port_ranges": []
              },
              {
                "access": "Allow",
                "description": "",
                "destination_address_prefix": "*",
                "destination_address_prefixes": [],
                "destination_application_security_group_ids": [],
                "destination_port_range": "",
                "destination_port_ranges": [
                  "22",
                  "3389"
                ],
                "direction": "Inbound",
                "name": "Allow_Inbound_Bastion",
                "priority": 100,
                "protocol": "*",
                "source_address_prefix": "10.10.2.0/24",
                "source_address_prefixes": [],
                "source_application_security_group_ids": [],
                "source_port_range": "*",
                "source_port_ranges": []
              },
              {
                "access": "Allow",
                "description": "",
                "destination_address_prefix": "*",
                "destination_address_prefixes": [],
                "destination_application_security_group_ids": [],
                "destination_port_range": "",
                "destination_port_ranges": [
                  "3003",
                  "3008",
                  "3009",
                  "443"
                ],
                "direction": "Outbound",
                "name": "Allow_Outbound_ADC",
                "priority": 700,
                "protocol": "*",
                "source_address_prefix": "",
                "source_address_prefixes": [
                  "10.10.8.8",
                  "10.10.8.9"
                ],
                "source_application_security_group_ids": [],
                "source_port_range": "*",
                "source_port_ranges": []
              },
              {
                "access": "Allow",
                "description": "",
                "destination_address_prefix": "*",
                "destination_address_prefixes": [],
                "destination_application_security_group_ids": [],
                "destination_port_range": "*",
                "destination_port_ranges": [],
                "direction": "Inbound",
                "name": "Allow_Inbound_ICMP",
                "priority": 200,
                "protocol": "Icmp",
                "source_address_prefix": "10.10.5.0/24",
                "source_address_prefixes": [],
                "source_application_security_group_ids": [],
                "source_port_range": "*",
                "source_port_ranges": []
              },
              {
                "access": "Allow",
                "description": "",
                "destination_address_prefix": "*",
                "destination_address_prefixes": [],
                "destination_application_security_group_ids": [],
                "destination_port_range": "10050",
                "destination_port_ranges": [],
                "direction": "Inbound",
                "name": "Allow_Inbound_Monitor",
                "priority": 500,
                "protocol": "*",
                "source_address_prefix": "10.10.7.11/32",
                "source_address_prefixes": [],
                "source_application_security_group_ids": [],
                "source_port_range": "*",
                "source_port_ranges": []
              },
              {
                "access": "Allow",
                "description": "",
                "destination_address_prefix": "*",
                "destination_address_prefixes": [],
                "destination_application_security_group_ids": [],
                "destination_port_range": "443",
                "destination_port_ranges": [],
                "direction": "Inbound",
                "name": "Allow_Inbound_Web",
                "priority": 600,
                "protocol": "*",
                "source_address_prefix": "*",
                "source_address_prefixes": [],
                "source_application_security_group_ids": [],
                "source_port_range": "*",
                "source_port_ranges": []
              },
              {
                "access": "Allow",
                "description": "",
                "destination_address_prefix": "10.10.4.0/24",
                "destination_address_prefixes": [],
                "destination_application_security_group_ids": [],
                "destination_port_range": "",
                "destination_port_ranges": [
                  "123",
                  "135",
                  "137-139",
                  "3268-3269",
                  "3389",
                  "389",
                  "445",
                  "464",
                  "49152-65535",
                  "53",
                  "5722",
                  "636",
                  "88",
                  "9389"
                ],
                "direction": "Outbound",
                "name": "Allow_Outbound_ActiveDirectory",
                "priority": 100,
                "protocol": "*",
                "source_address_prefix": "*",
                "source_address_prefixes": [],
                "source_application_security_group_ids": [],
                "source_port_range": "*",
                "source_port_ranges": []
              },
              {
                "access": "Allow",
                "description": "",
                "destination_address_prefix": "10.10.5.0/24",
                "destination_address_prefixes": [],
                "destination_application_security_group_ids": [],
                "destination_port_range": "445",
                "destination_port_ranges": [],
                "direction": "Outbound",
                "name": "Allow_Outbound_File",
                "priority": 400,
                "protocol": "*",
                "source_address_prefix": "*",
                "source_address_prefixes": [],
                "source_application_security_group_ids": [],
                "source_port_range": "*",
                "source_port_ranges": []
              },
              {
                "access": "Allow",
                "description": "",
                "destination_address_prefix": "10.10.6.0/24",
                "destination_address_prefixes": [],
                "destination_application_security_group_ids": [],
                "destination_port_range": "1433",
                "destination_port_ranges": [],
                "direction": "Outbound",
                "name": "Allow_Outbound_SQL",
                "priority": 300,
                "protocol": "*",
                "source_address_prefix": "*",
                "source_address_prefixes": [],
                "source_application_security_group_ids": [],
                "source_port_range": "*",
                "source_port_ranges": []
              },
              {
                "access": "Allow",
                "description": "",
                "destination_address_prefix": "10.10.6.0/24",
                "destination_address_prefixes": [],
                "destination_application_security_group_ids": [],
                "destination_port_range": "80",
                "destination_port_ranges": [],
                "direction": "Outbound",
                "name": "Allow_Outbound_SQL_SSRS",
                "priority": 500,
                "protocol": "*",
                "source_address_prefix": "*",
                "source_address_prefixes": [],
                "source_application_security_group_ids": [],
                "source_port_range": "*",
                "source_port_ranges": []
              },
              {
                "access": "Allow",
                "description": "",
                "destination_address_prefix": "10.10.7.11/32",
                "destination_address_prefixes": [],
                "destination_application_security_group_ids": [],
                "destination_port_range": "10051",
                "destination_port_ranges": [],
                "direction": "Outbound",
                "name": "Allow_Outbound_Monitor",
                "priority": 200,
                "protocol": "*",
                "source_address_prefix": "*",
                "source_address_prefixes": [],
                "source_application_security_group_ids": [],
                "source_port_range": "*",
                "source_port_ranges": []
              },
              {
                "access": "Allow",
                "description": "",
                "destination_address_prefix": "10.10.8.0/24",
                "destination_address_prefixes": [],
                "destination_application_security_group_ids": [],
                "destination_port_range": "",
                "destination_port_ranges": [
                  "443",
                  "8080",
                  "8082"
                ],
                "direction": "Outbound",
                "name": "Allow_Outbound_WTB",
                "priority": 600,
                "protocol": "*",
                "source_address_prefix": "*",
                "source_address_prefixes": [],
                "source_application_security_group_ids": [],
                "source_port_range": "*",
                "source_port_ranges": []
              },
              {
                "access": "Allow",
                "description": "",
                "destination_address_prefix": "10.10.8.0/24",
                "destination_address_prefixes": [],
                "destination_application_security_group_ids": [],
                "destination_port_range": "",
                "destination_port_ranges": [
                  "8080",
                  "8082"
                ],
                "direction": "Inbound",
                "name": "Allow_Inbound_WTB",
                "priority": 800,
                "protocol": "*",
                "source_address_prefix": "10.10.8.0/24",
                "source_address_prefixes": [],
                "source_application_security_group_ids": [],
                "source_port_range": "*",
                "source_port_ranges": []
              },
              {
                "access": "Allow",
                "description": "",
                "destination_address_prefix": "Internet",
                "destination_address_prefixes": [],
                "destination_application_security_group_ids": [],
                "destination_port_range": "*",
                "destination_port_ranges": [],
                "direction": "Outbound",
                "name": "Allow_Outbound_Internet",
                "priority": 4000,
                "protocol": "*",
                "source_address_prefix": "*",
                "source_address_prefixes": [],
                "source_application_security_group_ids": [],
                "source_port_range": "*",
                "source_port_ranges": []
              },
              {
                "access": "Allow",
                "description": "Allow_Inbound_AzureLoadBalancer",
                "destination_address_prefix": "*",
                "destination_address_prefixes": [],
                "destination_application_security_group_ids": [],
                "destination_port_range": "*",
                "destination_port_ranges": [],
                "direction": "Inbound",
                "name": "Allow_Inbound_AzureLoadBalancer",
                "priority": 900,
                "protocol": "Tcp",
                "source_address_prefix": "AzureLoadBalancer",
                "source_address_prefixes": [],
                "source_application_security_group_ids": [],
                "source_port_range": "*",
                "source_port_ranges": []
              },
              {
                "access": "Allow",
                "description": "Netscaler floating IP",
                "destination_address_prefix": "Internet",
                "destination_address_prefixes": [],
                "destination_application_security_group_ids": [],
                "destination_port_range": "",
                "destination_port_ranges": [
                  "443",
                  "80"
                ],
                "direction": "Inbound",
                "name": "Allow_Inbound_Web_ADC_CSR",
                "priority": 1000,
                "protocol": "*",
                "source_address_prefix": "Internet",
                "source_address_prefixes": [],
                "source_application_security_group_ids": [],
                "source_port_range": "*",
                "source_port_ranges": []
              },
              {
                "access": "Allow",
                "description": "WEBBTIDBOK",
                "destination_address_prefix": "10.10.8.16/32",
                "destination_address_prefixes": [],
                "destination_application_security_group_ids": [],
                "destination_port_range": "",
                "destination_port_ranges": [
                  "443",
                  "8080",
                  "8082"
                ],
                "direction": "Inbound",
                "name": "Allow_Inbound_Web_WTB",
                "priority": 700,
                "protocol": "*",
                "source_address_prefix": "*",
                "source_address_prefixes": [],
                "source_application_security_group_ids": [],
                "source_port_range": "*",
                "source_port_ranges": []
              },
              {
                "access": "Deny",
                "description": "",
                "destination_address_prefix": "*",
                "destination_address_prefixes": [],
                "destination_application_security_group_ids": [],
                "destination_port_range": "*",
                "destination_port_ranges": [],
                "direction": "Inbound",
                "name": "Deny_Inbound_All",
                "priority": 4096,
                "protocol": "*",
                "source_address_prefix": "*",
                "source_address_prefixes": [],
                "source_application_security_group_ids": [],
                "source_port_range": "*",
                "source_port_ranges": []
              },
              {
                "access": "Deny",
                "description": "",
                "destination_address_prefix": "*",
                "destination_address_prefixes": [],
                "destination_application_security_group_ids": [],
                "destination_port_range": "*",
                "destination_port_ranges": [],
                "direction": "Outbound",
                "name": "Deny_Outbound_All",
                "priority": 4096,
                "protocol": "*",
                "source_address_prefix": "*",
                "source_address_prefixes": [],
                "source_application_security_group_ids": [],
                "source_port_range": "*",
                "source_port_ranges": []
              }
            ],
            "tags": {
              "Application": "Infra",
              "Environment": "Test"
            },
            "timeouts": null
          },
          "sensitive_attributes": [],
          "private": "eyJlMmJmYjczMC1lY2FhLTExZTYtOGY4OC0zNDM2M2JjN2M0YzAiOnsiY3JlYXRlIjoxODAwMDAwMDAwMDAwLCJkZWxldGUiOjE4MDAwMDAwMDAwMDAsInJlYWQiOjMwMDAwMDAwMDAwMCwidXBkYXRlIjoxODAwMDAwMDAwMDAwfX0=",
          "dependencies": [
            "azurerm_resource_group.rginfra"
          ]
        }
      ]
    },
    {
      "mode": "managed",
      "type": "azurerm_resource_group",
      "name": "rgavil",
      "provider": "provider[\"registry.terraform.io/hashicorp/azurerm\"]",
      "instances": [
        {
          "index_key": "01",
          "schema_version": 0,
          "attributes": {
            "id": "/subscriptions/0dcc13b7-1a10-483e-95aa-fe7e71802e2e/resourceGroups/rg-vmadctest01",
            "location": "swedencentral",
            "name": "rg-vmadctest01",
            "tags": {
              "Application": "Infra",
              "Environment": "Test"
            },
            "timeouts": null
          },
          "sensitive_attributes": [],
          "private": "eyJlMmJmYjczMC1lY2FhLTExZTYtOGY4OC0zNDM2M2JjN2M0YzAiOnsiY3JlYXRlIjo1NDAwMDAwMDAwMDAwLCJkZWxldGUiOjU0MDAwMDAwMDAwMDAsInJlYWQiOjMwMDAwMDAwMDAwMCwidXBkYXRlIjo1NDAwMDAwMDAwMDAwfX0="
        }
      ]
    },
    {
      "mode": "managed",
      "type": "azurerm_resource_group",
      "name": "rginfra",
      "provider": "provider[\"registry.terraform.io/hashicorp/azurerm\"]",
      "instances": [
        {
          "schema_version": 0,
          "attributes": {
            "id": "/subscriptions/0dcc13b7-1a10-483e-95aa-fe7e71802e2e/resourceGroups/rg-infra-test-01",
            "location": "swedencentral",
            "name": "rg-infra-test-01",
            "tags": {
              "Application": "Infra",
              "Environment": "Test"
            },
            "timeouts": null
          },
          "sensitive_attributes": [],
          "private": "eyJlMmJmYjczMC1lY2FhLTExZTYtOGY4OC0zNDM2M2JjN2M0YzAiOnsiY3JlYXRlIjo1NDAwMDAwMDAwMDAwLCJkZWxldGUiOjU0MDAwMDAwMDAwMDAsInJlYWQiOjMwMDAwMDAwMDAwMCwidXBkYXRlIjo1NDAwMDAwMDAwMDAwfX0="
        }
      ]
    },
    {
      "mode": "managed",
      "type": "azurerm_subnet",
      "name": "subnets",
      "provider": "provider[\"registry.terraform.io/hashicorp/azurerm\"]",
      "instances": [
        {
          "index_key": "AzureBastionSubnet",
          "schema_version": 0,
          "attributes": {
            "address_prefixes": [
              "10.10.2.0/24"
            ],
            "delegation": [],
            "enforce_private_link_endpoint_network_policies": false,
            "enforce_private_link_service_network_policies": false,
            "id": "/subscriptions/0dcc13b7-1a10-483e-95aa-fe7e71802e2e/resourceGroups/rg-infra-test-01/providers/Microsoft.Network/virtualNetworks/vnet-infra-test01/subnets/AzureBastionSubnet",
            "name": "AzureBastionSubnet",
            "private_endpoint_network_policies_enabled": true,
            "private_link_service_network_policies_enabled": true,
            "resource_group_name": "rg-infra-test-01",
            "service_endpoint_policy_ids": [],
            "service_endpoints": [],
            "timeouts": null,
            "virtual_network_name": "vnet-infra-test01"
          },
          "sensitive_attributes": [],
          "private": "eyJlMmJmYjczMC1lY2FhLTExZTYtOGY4OC0zNDM2M2JjN2M0YzAiOnsiY3JlYXRlIjoxODAwMDAwMDAwMDAwLCJkZWxldGUiOjE4MDAwMDAwMDAwMDAsInJlYWQiOjMwMDAwMDAwMDAwMCwidXBkYXRlIjoxODAwMDAwMDAwMDAwfX0=",
          "dependencies": [
            "azurerm_resource_group.rginfra",
            "azurerm_virtual_network.vnet"
          ]
        },
        {
          "index_key": "AzureFirewallSubnet",
          "schema_version": 0,
          "attributes": {
            "address_prefixes": [
              "10.10.1.0/24"
            ],
            "delegation": [],
            "enforce_private_link_endpoint_network_policies": false,
            "enforce_private_link_service_network_policies": false,
            "id": "/subscriptions/0dcc13b7-1a10-483e-95aa-fe7e71802e2e/resourceGroups/rg-infra-test-01/providers/Microsoft.Network/virtualNetworks/vnet-infra-test01/subnets/AzureFirewallSubnet",
            "name": "AzureFirewallSubnet",
            "private_endpoint_network_policies_enabled": true,
            "private_link_service_network_policies_enabled": true,
            "resource_group_name": "rg-infra-test-01",
            "service_endpoint_policy_ids": [],
            "service_endpoints": [],
            "timeouts": null,
            "virtual_network_name": "vnet-infra-test01"
          },
          "sensitive_attributes": [],
          "private": "eyJlMmJmYjczMC1lY2FhLTExZTYtOGY4OC0zNDM2M2JjN2M0YzAiOnsiY3JlYXRlIjoxODAwMDAwMDAwMDAwLCJkZWxldGUiOjE4MDAwMDAwMDAwMDAsInJlYWQiOjMwMDAwMDAwMDAwMCwidXBkYXRlIjoxODAwMDAwMDAwMDAwfX0=",
          "dependencies": [
            "azurerm_resource_group.rginfra",
            "azurerm_virtual_network.vnet"
          ]
        },
        {
          "index_key": "GatewaySubnet",
          "schema_version": 0,
          "attributes": {
            "address_prefixes": [
              "10.10.0.0/24"
            ],
            "delegation": [],
            "enforce_private_link_endpoint_network_policies": false,
            "enforce_private_link_service_network_policies": false,
            "id": "/subscriptions/0dcc13b7-1a10-483e-95aa-fe7e71802e2e/resourceGroups/rg-infra-test-01/providers/Microsoft.Network/virtualNetworks/vnet-infra-test01/subnets/GatewaySubnet",
            "name": "GatewaySubnet",
            "private_endpoint_network_policies_enabled": true,
            "private_link_service_network_policies_enabled": true,
            "resource_group_name": "rg-infra-test-01",
            "service_endpoint_policy_ids": [],
            "service_endpoints": [],
            "timeouts": null,
            "virtual_network_name": "vnet-infra-test01"
          },
          "sensitive_attributes": [],
          "private": "eyJlMmJmYjczMC1lY2FhLTExZTYtOGY4OC0zNDM2M2JjN2M0YzAiOnsiY3JlYXRlIjoxODAwMDAwMDAwMDAwLCJkZWxldGUiOjE4MDAwMDAwMDAwMDAsInJlYWQiOjMwMDAwMDAwMDAwMCwidXBkYXRlIjoxODAwMDAwMDAwMDAwfX0=",
          "dependencies": [
            "azurerm_resource_group.rginfra",
            "azurerm_virtual_network.vnet"
          ]
        },
        {
          "index_key": "snet-app-test-01",
          "schema_version": 0,
          "attributes": {
            "address_prefixes": [
              "10.10.7.0/24"
            ],
            "delegation": [],
            "enforce_private_link_endpoint_network_policies": false,
            "enforce_private_link_service_network_policies": false,
            "id": "/subscriptions/0dcc13b7-1a10-483e-95aa-fe7e71802e2e/resourceGroups/rg-infra-test-01/providers/Microsoft.Network/virtualNetworks/vnet-infra-test01/subnets/snet-app-test-01",
            "name": "snet-app-test-01",
            "private_endpoint_network_policies_enabled": true,
            "private_link_service_network_policies_enabled": true,
            "resource_group_name": "rg-infra-test-01",
            "service_endpoint_policy_ids": [],
            "service_endpoints": [],
            "timeouts": null,
            "virtual_network_name": "vnet-infra-test01"
          },
          "sensitive_attributes": [],
          "private": "eyJlMmJmYjczMC1lY2FhLTExZTYtOGY4OC0zNDM2M2JjN2M0YzAiOnsiY3JlYXRlIjoxODAwMDAwMDAwMDAwLCJkZWxldGUiOjE4MDAwMDAwMDAwMDAsInJlYWQiOjMwMDAwMDAwMDAwMCwidXBkYXRlIjoxODAwMDAwMDAwMDAwfX0=",
          "dependencies": [
            "azurerm_resource_group.rginfra",
            "azurerm_virtual_network.vnet"
          ]
        },
        {
          "index_key": "snet-core-test-01",
          "schema_version": 0,
          "attributes": {
            "address_prefixes": [
              "10.10.4.0/24"
            ],
            "delegation": [],
            "enforce_private_link_endpoint_network_policies": false,
            "enforce_private_link_service_network_policies": false,
            "id": "/subscriptions/0dcc13b7-1a10-483e-95aa-fe7e71802e2e/resourceGroups/rg-infra-test-01/providers/Microsoft.Network/virtualNetworks/vnet-infra-test01/subnets/snet-core-test-01",
            "name": "snet-core-test-01",
            "private_endpoint_network_policies_enabled": true,
            "private_link_service_network_policies_enabled": true,
            "resource_group_name": "rg-infra-test-01",
            "service_endpoint_policy_ids": [],
            "service_endpoints": [],
            "timeouts": null,
            "virtual_network_name": "vnet-infra-test01"
          },
          "sensitive_attributes": [],
          "private": "eyJlMmJmYjczMC1lY2FhLTExZTYtOGY4OC0zNDM2M2JjN2M0YzAiOnsiY3JlYXRlIjoxODAwMDAwMDAwMDAwLCJkZWxldGUiOjE4MDAwMDAwMDAwMDAsInJlYWQiOjMwMDAwMDAwMDAwMCwidXBkYXRlIjoxODAwMDAwMDAwMDAwfX0=",
          "dependencies": [
            "azurerm_resource_group.rginfra",
            "azurerm_virtual_network.vnet"
          ]
        },
        {
          "index_key": "snet-ctx-test-01",
          "schema_version": 0,
          "attributes": {
            "address_prefixes": [
              "10.10.9.0/24"
            ],
            "delegation": [],
            "enforce_private_link_endpoint_network_policies": false,
            "enforce_private_link_service_network_policies": false,
            "id": "/subscriptions/0dcc13b7-1a10-483e-95aa-fe7e71802e2e/resourceGroups/rg-infra-test-01/providers/Microsoft.Network/virtualNetworks/vnet-infra-test01/subnets/snet-ctx-test-01",
            "name": "snet-ctx-test-01",
            "private_endpoint_network_policies_enabled": true,
            "private_link_service_network_policies_enabled": true,
            "resource_group_name": "rg-infra-test-01",
            "service_endpoint_policy_ids": [],
            "service_endpoints": [],
            "timeouts": null,
            "virtual_network_name": "vnet-infra-test01"
          },
          "sensitive_attributes": [],
          "private": "eyJlMmJmYjczMC1lY2FhLTExZTYtOGY4OC0zNDM2M2JjN2M0YzAiOnsiY3JlYXRlIjoxODAwMDAwMDAwMDAwLCJkZWxldGUiOjE4MDAwMDAwMDAwMDAsInJlYWQiOjMwMDAwMDAwMDAwMCwidXBkYXRlIjoxODAwMDAwMDAwMDAwfX0=",
          "dependencies": [
            "azurerm_resource_group.rginfra",
            "azurerm_virtual_network.vnet"
          ]
        },
        {
          "index_key": "snet-mgmt-test-01",
          "schema_version": 0,
          "attributes": {
            "address_prefixes": [
              "10.10.5.0/24"
            ],
            "delegation": [],
            "enforce_private_link_endpoint_network_policies": false,
            "enforce_private_link_service_network_policies": false,
            "id": "/subscriptions/0dcc13b7-1a10-483e-95aa-fe7e71802e2e/resourceGroups/rg-infra-test-01/providers/Microsoft.Network/virtualNetworks/vnet-infra-test01/subnets/snet-mgmt-test-01",
            "name": "snet-mgmt-test-01",
            "private_endpoint_network_policies_enabled": true,
            "private_link_service_network_policies_enabled": true,
            "resource_group_name": "rg-infra-test-01",
            "service_endpoint_policy_ids": [],
            "service_endpoints": [],
            "timeouts": null,
            "virtual_network_name": "vnet-infra-test01"
          },
          "sensitive_attributes": [],
          "private": "eyJlMmJmYjczMC1lY2FhLTExZTYtOGY4OC0zNDM2M2JjN2M0YzAiOnsiY3JlYXRlIjoxODAwMDAwMDAwMDAwLCJkZWxldGUiOjE4MDAwMDAwMDAwMDAsInJlYWQiOjMwMDAwMDAwMDAwMCwidXBkYXRlIjoxODAwMDAwMDAwMDAwfX0=",
          "dependencies": [
            "azurerm_resource_group.rginfra",
            "azurerm_virtual_network.vnet"
          ]
        },
        {
          "index_key": "snet-pe-test-01",
          "schema_version": 0,
          "attributes": {
            "address_prefixes": [
              "10.10.3.0/24"
            ],
            "delegation": [],
            "enforce_private_link_endpoint_network_policies": false,
            "enforce_private_link_service_network_policies": false,
            "id": "/subscriptions/0dcc13b7-1a10-483e-95aa-fe7e71802e2e/resourceGroups/rg-infra-test-01/providers/Microsoft.Network/virtualNetworks/vnet-infra-test01/subnets/snet-pe-test-01",
            "name": "snet-pe-test-01",
            "private_endpoint_network_policies_enabled": true,
            "private_link_service_network_policies_enabled": true,
            "resource_group_name": "rg-infra-test-01",
            "service_endpoint_policy_ids": [],
            "service_endpoints": [],
            "timeouts": null,
            "virtual_network_name": "vnet-infra-test01"
          },
          "sensitive_attributes": [],
          "private": "eyJlMmJmYjczMC1lY2FhLTExZTYtOGY4OC0zNDM2M2JjN2M0YzAiOnsiY3JlYXRlIjoxODAwMDAwMDAwMDAwLCJkZWxldGUiOjE4MDAwMDAwMDAwMDAsInJlYWQiOjMwMDAwMDAwMDAwMCwidXBkYXRlIjoxODAwMDAwMDAwMDAwfX0=",
          "dependencies": [
            "azurerm_resource_group.rginfra",
            "azurerm_virtual_network.vnet"
          ]
        },
        {
          "index_key": "snet-sql-test-01",
          "schema_version": 0,
          "attributes": {
            "address_prefixes": [
              "10.10.6.0/24"
            ],
            "delegation": [],
            "enforce_private_link_endpoint_network_policies": false,
            "enforce_private_link_service_network_policies": false,
            "id": "/subscriptions/0dcc13b7-1a10-483e-95aa-fe7e71802e2e/resourceGroups/rg-infra-test-01/providers/Microsoft.Network/virtualNetworks/vnet-infra-test01/subnets/snet-sql-test-01",
            "name": "snet-sql-test-01",
            "private_endpoint_network_policies_enabled": true,
            "private_link_service_network_policies_enabled": true,
            "resource_group_name": "rg-infra-test-01",
            "service_endpoint_policy_ids": [],
            "service_endpoints": [],
            "timeouts": null,
            "virtual_network_name": "vnet-infra-test01"
          },
          "sensitive_attributes": [],
          "private": "eyJlMmJmYjczMC1lY2FhLTExZTYtOGY4OC0zNDM2M2JjN2M0YzAiOnsiY3JlYXRlIjoxODAwMDAwMDAwMDAwLCJkZWxldGUiOjE4MDAwMDAwMDAwMDAsInJlYWQiOjMwMDAwMDAwMDAwMCwidXBkYXRlIjoxODAwMDAwMDAwMDAwfX0=",
          "dependencies": [
            "azurerm_resource_group.rginfra",
            "azurerm_virtual_network.vnet"
          ]
        },
        {
          "index_key": "snet-vda-test-01",
          "schema_version": 0,
          "attributes": {
            "address_prefixes": [
              "10.10.10.0/24"
            ],
            "delegation": [],
            "enforce_private_link_endpoint_network_policies": false,
            "enforce_private_link_service_network_policies": false,
            "id": "/subscriptions/0dcc13b7-1a10-483e-95aa-fe7e71802e2e/resourceGroups/rg-infra-test-01/providers/Microsoft.Network/virtualNetworks/vnet-infra-test01/subnets/snet-vda-test-01",
            "name": "snet-vda-test-01",
            "private_endpoint_network_policies_enabled": true,
            "private_link_service_network_policies_enabled": true,
            "resource_group_name": "rg-infra-test-01",
            "service_endpoint_policy_ids": [],
            "service_endpoints": [],
            "timeouts": null,
            "virtual_network_name": "vnet-infra-test01"
          },
          "sensitive_attributes": [],
          "private": "eyJlMmJmYjczMC1lY2FhLTExZTYtOGY4OC0zNDM2M2JjN2M0YzAiOnsiY3JlYXRlIjoxODAwMDAwMDAwMDAwLCJkZWxldGUiOjE4MDAwMDAwMDAwMDAsInJlYWQiOjMwMDAwMDAwMDAwMCwidXBkYXRlIjoxODAwMDAwMDAwMDAwfX0=",
          "dependencies": [
            "azurerm_resource_group.rginfra",
            "azurerm_virtual_network.vnet"
          ]
        },
        {
          "index_key": "snet-web-test-01",
          "schema_version": 0,
          "attributes": {
            "address_prefixes": [
              "10.10.8.0/24"
            ],
            "delegation": [],
            "enforce_private_link_endpoint_network_policies": false,
            "enforce_private_link_service_network_policies": false,
            "id": "/subscriptions/0dcc13b7-1a10-483e-95aa-fe7e71802e2e/resourceGroups/rg-infra-test-01/providers/Microsoft.Network/virtualNetworks/vnet-infra-test01/subnets/snet-web-test-01",
            "name": "snet-web-test-01",
            "private_endpoint_network_policies_enabled": true,
            "private_link_service_network_policies_enabled": true,
            "resource_group_name": "rg-infra-test-01",
            "service_endpoint_policy_ids": [],
            "service_endpoints": [],
            "timeouts": null,
            "virtual_network_name": "vnet-infra-test01"
          },
          "sensitive_attributes": [],
          "private": "eyJlMmJmYjczMC1lY2FhLTExZTYtOGY4OC0zNDM2M2JjN2M0YzAiOnsiY3JlYXRlIjoxODAwMDAwMDAwMDAwLCJkZWxldGUiOjE4MDAwMDAwMDAwMDAsInJlYWQiOjMwMDAwMDAwMDAwMCwidXBkYXRlIjoxODAwMDAwMDAwMDAwfX0=",
          "dependencies": [
            "azurerm_resource_group.rginfra",
            "azurerm_virtual_network.vnet"
          ]
        }
      ]
    },
    {
      "mode": "managed",
      "type": "azurerm_subnet_network_security_group_association",
      "name": "nsg",
      "provider": "provider[\"registry.terraform.io/hashicorp/azurerm\"]",
      "instances": [
        {
          "index_key": "nsg-AzureBastion",
          "schema_version": 0,
          "attributes": {
            "id": "/subscriptions/0dcc13b7-1a10-483e-95aa-fe7e71802e2e/resourceGroups/rg-infra-test-01/providers/Microsoft.Network/virtualNetworks/vnet-infra-test01/subnets/AzureBastionSubnet",
            "network_security_group_id": "/subscriptions/0dcc13b7-1a10-483e-95aa-fe7e71802e2e/resourceGroups/rg-infra-test-01/providers/Microsoft.Network/networkSecurityGroups/nsg-AzureBastion",
            "subnet_id": "/subscriptions/0dcc13b7-1a10-483e-95aa-fe7e71802e2e/resourceGroups/rg-infra-test-01/providers/Microsoft.Network/virtualNetworks/vnet-infra-test01/subnets/AzureBastionSubnet",
            "timeouts": null
          },
          "sensitive_attributes": [],
          "private": "eyJlMmJmYjczMC1lY2FhLTExZTYtOGY4OC0zNDM2M2JjN2M0YzAiOnsiY3JlYXRlIjoxODAwMDAwMDAwMDAwLCJkZWxldGUiOjE4MDAwMDAwMDAwMDAsInJlYWQiOjMwMDAwMDAwMDAwMCwidXBkYXRlIjoxODAwMDAwMDAwMDAwfX0=",
          "dependencies": [
            "azurerm_network_security_group.nsg",
            "azurerm_resource_group.rginfra",
            "azurerm_virtual_network.vnet",
            "data.azurerm_subscription.sub"
          ]
        },
        {
          "index_key": "nsg-snet-app-test-01",
          "schema_version": 0,
          "attributes": {
            "id": "/subscriptions/0dcc13b7-1a10-483e-95aa-fe7e71802e2e/resourceGroups/rg-infra-test-01/providers/Microsoft.Network/virtualNetworks/vnet-infra-test01/subnets/snet-app-test-01",
            "network_security_group_id": "/subscriptions/0dcc13b7-1a10-483e-95aa-fe7e71802e2e/resourceGroups/rg-infra-test-01/providers/Microsoft.Network/networkSecurityGroups/nsg-snet-app-test-01",
            "subnet_id": "/subscriptions/0dcc13b7-1a10-483e-95aa-fe7e71802e2e/resourceGroups/rg-infra-test-01/providers/Microsoft.Network/virtualNetworks/vnet-infra-test01/subnets/snet-app-test-01",
            "timeouts": null
          },
          "sensitive_attributes": [],
          "private": "eyJlMmJmYjczMC1lY2FhLTExZTYtOGY4OC0zNDM2M2JjN2M0YzAiOnsiY3JlYXRlIjoxODAwMDAwMDAwMDAwLCJkZWxldGUiOjE4MDAwMDAwMDAwMDAsInJlYWQiOjMwMDAwMDAwMDAwMCwidXBkYXRlIjoxODAwMDAwMDAwMDAwfX0=",
          "dependencies": [
            "azurerm_network_security_group.nsg",
            "azurerm_resource_group.rginfra",
            "azurerm_virtual_network.vnet",
            "data.azurerm_subscription.sub"
          ]
        },
        {
          "index_key": "nsg-snet-core-test-01",
          "schema_version": 0,
          "attributes": {
            "id": "/subscriptions/0dcc13b7-1a10-483e-95aa-fe7e71802e2e/resourceGroups/rg-infra-test-01/providers/Microsoft.Network/virtualNetworks/vnet-infra-test01/subnets/snet-core-test-01",
            "network_security_group_id": "/subscriptions/0dcc13b7-1a10-483e-95aa-fe7e71802e2e/resourceGroups/rg-infra-test-01/providers/Microsoft.Network/networkSecurityGroups/nsg-snet-core-test-01",
            "subnet_id": "/subscriptions/0dcc13b7-1a10-483e-95aa-fe7e71802e2e/resourceGroups/rg-infra-test-01/providers/Microsoft.Network/virtualNetworks/vnet-infra-test01/subnets/snet-core-test-01",
            "timeouts": null
          },
          "sensitive_attributes": [],
          "private": "eyJlMmJmYjczMC1lY2FhLTExZTYtOGY4OC0zNDM2M2JjN2M0YzAiOnsiY3JlYXRlIjoxODAwMDAwMDAwMDAwLCJkZWxldGUiOjE4MDAwMDAwMDAwMDAsInJlYWQiOjMwMDAwMDAwMDAwMCwidXBkYXRlIjoxODAwMDAwMDAwMDAwfX0=",
          "dependencies": [
            "azurerm_network_security_group.nsg",
            "azurerm_resource_group.rginfra",
            "azurerm_virtual_network.vnet",
            "data.azurerm_subscription.sub"
          ]
        },
        {
          "index_key": "nsg-snet-ctx-test-01",
          "schema_version": 0,
          "attributes": {
            "id": "/subscriptions/0dcc13b7-1a10-483e-95aa-fe7e71802e2e/resourceGroups/rg-infra-test-01/providers/Microsoft.Network/virtualNetworks/vnet-infra-test01/subnets/snet-ctx-test-01",
            "network_security_group_id": "/subscriptions/0dcc13b7-1a10-483e-95aa-fe7e71802e2e/resourceGroups/rg-infra-test-01/providers/Microsoft.Network/networkSecurityGroups/nsg-snet-ctx-test-01",
            "subnet_id": "/subscriptions/0dcc13b7-1a10-483e-95aa-fe7e71802e2e/resourceGroups/rg-infra-test-01/providers/Microsoft.Network/virtualNetworks/vnet-infra-test01/subnets/snet-ctx-test-01",
            "timeouts": null
          },
          "sensitive_attributes": [],
          "private": "eyJlMmJmYjczMC1lY2FhLTExZTYtOGY4OC0zNDM2M2JjN2M0YzAiOnsiY3JlYXRlIjoxODAwMDAwMDAwMDAwLCJkZWxldGUiOjE4MDAwMDAwMDAwMDAsInJlYWQiOjMwMDAwMDAwMDAwMCwidXBkYXRlIjoxODAwMDAwMDAwMDAwfX0=",
          "dependencies": [
            "azurerm_network_security_group.nsg",
            "azurerm_resource_group.rginfra",
            "azurerm_virtual_network.vnet",
            "data.azurerm_subscription.sub"
          ]
        },
        {
          "index_key": "nsg-snet-mgmt-test-01",
          "schema_version": 0,
          "attributes": {
            "id": "/subscriptions/0dcc13b7-1a10-483e-95aa-fe7e71802e2e/resourceGroups/rg-infra-test-01/providers/Microsoft.Network/virtualNetworks/vnet-infra-test01/subnets/snet-mgmt-test-01",
            "network_security_group_id": "/subscriptions/0dcc13b7-1a10-483e-95aa-fe7e71802e2e/resourceGroups/rg-infra-test-01/providers/Microsoft.Network/networkSecurityGroups/nsg-snet-mgmt-test-01",
            "subnet_id": "/subscriptions/0dcc13b7-1a10-483e-95aa-fe7e71802e2e/resourceGroups/rg-infra-test-01/providers/Microsoft.Network/virtualNetworks/vnet-infra-test01/subnets/snet-mgmt-test-01",
            "timeouts": null
          },
          "sensitive_attributes": [],
          "private": "eyJlMmJmYjczMC1lY2FhLTExZTYtOGY4OC0zNDM2M2JjN2M0YzAiOnsiY3JlYXRlIjoxODAwMDAwMDAwMDAwLCJkZWxldGUiOjE4MDAwMDAwMDAwMDAsInJlYWQiOjMwMDAwMDAwMDAwMCwidXBkYXRlIjoxODAwMDAwMDAwMDAwfX0=",
          "dependencies": [
            "azurerm_network_security_group.nsg",
            "azurerm_resource_group.rginfra",
            "azurerm_virtual_network.vnet",
            "data.azurerm_subscription.sub"
          ]
        },
        {
          "index_key": "nsg-snet-pe-test-01",
          "schema_version": 0,
          "attributes": {
            "id": "/subscriptions/0dcc13b7-1a10-483e-95aa-fe7e71802e2e/resourceGroups/rg-infra-test-01/providers/Microsoft.Network/virtualNetworks/vnet-infra-test01/subnets/snet-pe-test-01",
            "network_security_group_id": "/subscriptions/0dcc13b7-1a10-483e-95aa-fe7e71802e2e/resourceGroups/rg-infra-test-01/providers/Microsoft.Network/networkSecurityGroups/nsg-snet-pe-test-01",
            "subnet_id": "/subscriptions/0dcc13b7-1a10-483e-95aa-fe7e71802e2e/resourceGroups/rg-infra-test-01/providers/Microsoft.Network/virtualNetworks/vnet-infra-test01/subnets/snet-pe-test-01",
            "timeouts": null
          },
          "sensitive_attributes": [],
          "private": "eyJlMmJmYjczMC1lY2FhLTExZTYtOGY4OC0zNDM2M2JjN2M0YzAiOnsiY3JlYXRlIjoxODAwMDAwMDAwMDAwLCJkZWxldGUiOjE4MDAwMDAwMDAwMDAsInJlYWQiOjMwMDAwMDAwMDAwMCwidXBkYXRlIjoxODAwMDAwMDAwMDAwfX0=",
          "dependencies": [
            "azurerm_network_security_group.nsg",
            "azurerm_resource_group.rginfra",
            "azurerm_virtual_network.vnet",
            "data.azurerm_subscription.sub"
          ]
        },
        {
          "index_key": "nsg-snet-sql-test-01",
          "schema_version": 0,
          "attributes": {
            "id": "/subscriptions/0dcc13b7-1a10-483e-95aa-fe7e71802e2e/resourceGroups/rg-infra-test-01/providers/Microsoft.Network/virtualNetworks/vnet-infra-test01/subnets/snet-sql-test-01",
            "network_security_group_id": "/subscriptions/0dcc13b7-1a10-483e-95aa-fe7e71802e2e/resourceGroups/rg-infra-test-01/providers/Microsoft.Network/networkSecurityGroups/nsg-snet-sql-test-01",
            "subnet_id": "/subscriptions/0dcc13b7-1a10-483e-95aa-fe7e71802e2e/resourceGroups/rg-infra-test-01/providers/Microsoft.Network/virtualNetworks/vnet-infra-test01/subnets/snet-sql-test-01",
            "timeouts": null
          },
          "sensitive_attributes": [],
          "private": "eyJlMmJmYjczMC1lY2FhLTExZTYtOGY4OC0zNDM2M2JjN2M0YzAiOnsiY3JlYXRlIjoxODAwMDAwMDAwMDAwLCJkZWxldGUiOjE4MDAwMDAwMDAwMDAsInJlYWQiOjMwMDAwMDAwMDAwMCwidXBkYXRlIjoxODAwMDAwMDAwMDAwfX0=",
          "dependencies": [
            "azurerm_network_security_group.nsg",
            "azurerm_resource_group.rginfra",
            "azurerm_virtual_network.vnet",
            "data.azurerm_subscription.sub"
          ]
        },
        {
          "index_key": "nsg-snet-vda-test-01",
          "schema_version": 0,
          "attributes": {
            "id": "/subscriptions/0dcc13b7-1a10-483e-95aa-fe7e71802e2e/resourceGroups/rg-infra-test-01/providers/Microsoft.Network/virtualNetworks/vnet-infra-test01/subnets/snet-vda-test-01",
            "network_security_group_id": "/subscriptions/0dcc13b7-1a10-483e-95aa-fe7e71802e2e/resourceGroups/rg-infra-test-01/providers/Microsoft.Network/networkSecurityGroups/nsg-snet-vda-test-01",
            "subnet_id": "/subscriptions/0dcc13b7-1a10-483e-95aa-fe7e71802e2e/resourceGroups/rg-infra-test-01/providers/Microsoft.Network/virtualNetworks/vnet-infra-test01/subnets/snet-vda-test-01",
            "timeouts": null
          },
          "sensitive_attributes": [],
          "private": "eyJlMmJmYjczMC1lY2FhLTExZTYtOGY4OC0zNDM2M2JjN2M0YzAiOnsiY3JlYXRlIjoxODAwMDAwMDAwMDAwLCJkZWxldGUiOjE4MDAwMDAwMDAwMDAsInJlYWQiOjMwMDAwMDAwMDAwMCwidXBkYXRlIjoxODAwMDAwMDAwMDAwfX0=",
          "dependencies": [
            "azurerm_network_security_group.nsg",
            "azurerm_resource_group.rginfra",
            "azurerm_virtual_network.vnet",
            "data.azurerm_subscription.sub"
          ]
        },
        {
          "index_key": "nsg-snet-web-test-01",
          "schema_version": 0,
          "attributes": {
            "id": "/subscriptions/0dcc13b7-1a10-483e-95aa-fe7e71802e2e/resourceGroups/rg-infra-test-01/providers/Microsoft.Network/virtualNetworks/vnet-infra-test01/subnets/snet-web-test-01",
            "network_security_group_id": "/subscriptions/0dcc13b7-1a10-483e-95aa-fe7e71802e2e/resourceGroups/rg-infra-test-01/providers/Microsoft.Network/networkSecurityGroups/nsg-snet-web-test-01",
            "subnet_id": "/subscriptions/0dcc13b7-1a10-483e-95aa-fe7e71802e2e/resourceGroups/rg-infra-test-01/providers/Microsoft.Network/virtualNetworks/vnet-infra-test01/subnets/snet-web-test-01",
            "timeouts": null
          },
          "sensitive_attributes": [],
          "private": "eyJlMmJmYjczMC1lY2FhLTExZTYtOGY4OC0zNDM2M2JjN2M0YzAiOnsiY3JlYXRlIjoxODAwMDAwMDAwMDAwLCJkZWxldGUiOjE4MDAwMDAwMDAwMDAsInJlYWQiOjMwMDAwMDAwMDAwMCwidXBkYXRlIjoxODAwMDAwMDAwMDAwfX0=",
          "dependencies": [
            "azurerm_network_security_group.nsg",
            "azurerm_resource_group.rginfra",
            "azurerm_virtual_network.vnet",
            "data.azurerm_subscription.sub"
          ]
        }
      ]
    },
    {
      "mode": "managed",
      "type": "azurerm_virtual_network",
      "name": "vnet",
      "provider": "provider[\"registry.terraform.io/hashicorp/azurerm\"]",
      "instances": [
        {
          "schema_version": 0,
          "attributes": {
            "address_space": [
              "10.10.0.0/16"
            ],
            "bgp_community": "",
            "ddos_protection_plan": [],
            "dns_servers": [],
            "edge_zone": "",
            "flow_timeout_in_minutes": 0,
            "guid": "6a309002-5e80-4ec3-ab2b-5d54249831ce",
            "id": "/subscriptions/0dcc13b7-1a10-483e-95aa-fe7e71802e2e/resourceGroups/rg-infra-test-01/providers/Microsoft.Network/virtualNetworks/vnet-infra-test01",
            "location": "swedencentral",
            "name": "vnet-infra-test01",
            "resource_group_name": "rg-infra-test-01",
            "subnet": [
              {
                "address_prefix": "10.10.0.0/24",
                "id": "/subscriptions/0dcc13b7-1a10-483e-95aa-fe7e71802e2e/resourceGroups/rg-infra-test-01/providers/Microsoft.Network/virtualNetworks/vnet-infra-test01/subnets/GatewaySubnet",
                "name": "GatewaySubnet",
                "security_group": ""
              },
              {
                "address_prefix": "10.10.1.0/24",
                "id": "/subscriptions/0dcc13b7-1a10-483e-95aa-fe7e71802e2e/resourceGroups/rg-infra-test-01/providers/Microsoft.Network/virtualNetworks/vnet-infra-test01/subnets/AzureFirewallSubnet",
                "name": "AzureFirewallSubnet",
                "security_group": ""
              },
              {
                "address_prefix": "10.10.10.0/24",
                "id": "/subscriptions/0dcc13b7-1a10-483e-95aa-fe7e71802e2e/resourceGroups/rg-infra-test-01/providers/Microsoft.Network/virtualNetworks/vnet-infra-test01/subnets/snet-vda-test-01",
                "name": "snet-vda-test-01",
                "security_group": "/subscriptions/0dcc13b7-1a10-483e-95aa-fe7e71802e2e/resourceGroups/rg-infra-test-01/providers/Microsoft.Network/networkSecurityGroups/nsg-snet-vda-test-01"
              },
              {
                "address_prefix": "10.10.2.0/24",
                "id": "/subscriptions/0dcc13b7-1a10-483e-95aa-fe7e71802e2e/resourceGroups/rg-infra-test-01/providers/Microsoft.Network/virtualNetworks/vnet-infra-test01/subnets/AzureBastionSubnet",
                "name": "AzureBastionSubnet",
                "security_group": "/subscriptions/0dcc13b7-1a10-483e-95aa-fe7e71802e2e/resourceGroups/rg-infra-test-01/providers/Microsoft.Network/networkSecurityGroups/nsg-AzureBastion"
              },
              {
                "address_prefix": "10.10.3.0/24",
                "id": "/subscriptions/0dcc13b7-1a10-483e-95aa-fe7e71802e2e/resourceGroups/rg-infra-test-01/providers/Microsoft.Network/virtualNetworks/vnet-infra-test01/subnets/snet-pe-test-01",
                "name": "snet-pe-test-01",
                "security_group": "/subscriptions/0dcc13b7-1a10-483e-95aa-fe7e71802e2e/resourceGroups/rg-infra-test-01/providers/Microsoft.Network/networkSecurityGroups/nsg-snet-pe-test-01"
              },
              {
                "address_prefix": "10.10.4.0/24",
                "id": "/subscriptions/0dcc13b7-1a10-483e-95aa-fe7e71802e2e/resourceGroups/rg-infra-test-01/providers/Microsoft.Network/virtualNetworks/vnet-infra-test01/subnets/snet-core-test-01",
                "name": "snet-core-test-01",
                "security_group": "/subscriptions/0dcc13b7-1a10-483e-95aa-fe7e71802e2e/resourceGroups/rg-infra-test-01/providers/Microsoft.Network/networkSecurityGroups/nsg-snet-core-test-01"
              },
              {
                "address_prefix": "10.10.5.0/24",
                "id": "/subscriptions/0dcc13b7-1a10-483e-95aa-fe7e71802e2e/resourceGroups/rg-infra-test-01/providers/Microsoft.Network/virtualNetworks/vnet-infra-test01/subnets/snet-mgmt-test-01",
                "name": "snet-mgmt-test-01",
                "security_group": "/subscriptions/0dcc13b7-1a10-483e-95aa-fe7e71802e2e/resourceGroups/rg-infra-test-01/providers/Microsoft.Network/networkSecurityGroups/nsg-snet-mgmt-test-01"
              },
              {
                "address_prefix": "10.10.6.0/24",
                "id": "/subscriptions/0dcc13b7-1a10-483e-95aa-fe7e71802e2e/resourceGroups/rg-infra-test-01/providers/Microsoft.Network/virtualNetworks/vnet-infra-test01/subnets/snet-sql-test-01",
                "name": "snet-sql-test-01",
                "security_group": "/subscriptions/0dcc13b7-1a10-483e-95aa-fe7e71802e2e/resourceGroups/rg-infra-test-01/providers/Microsoft.Network/networkSecurityGroups/nsg-snet-sql-test-01"
              },
              {
                "address_prefix": "10.10.7.0/24",
                "id": "/subscriptions/0dcc13b7-1a10-483e-95aa-fe7e71802e2e/resourceGroups/rg-infra-test-01/providers/Microsoft.Network/virtualNetworks/vnet-infra-test01/subnets/snet-app-test-01",
                "name": "snet-app-test-01",
                "security_group": "/subscriptions/0dcc13b7-1a10-483e-95aa-fe7e71802e2e/resourceGroups/rg-infra-test-01/providers/Microsoft.Network/networkSecurityGroups/nsg-snet-app-test-01"
              },
              {
                "address_prefix": "10.10.8.0/24",
                "id": "/subscriptions/0dcc13b7-1a10-483e-95aa-fe7e71802e2e/resourceGroups/rg-infra-test-01/providers/Microsoft.Network/virtualNetworks/vnet-infra-test01/subnets/snet-web-test-01",
                "name": "snet-web-test-01",
                "security_group": "/subscriptions/0dcc13b7-1a10-483e-95aa-fe7e71802e2e/resourceGroups/rg-infra-test-01/providers/Microsoft.Network/networkSecurityGroups/nsg-snet-web-test-01"
              },
              {
                "address_prefix": "10.10.9.0/24",
                "id": "/subscriptions/0dcc13b7-1a10-483e-95aa-fe7e71802e2e/resourceGroups/rg-infra-test-01/providers/Microsoft.Network/virtualNetworks/vnet-infra-test01/subnets/snet-ctx-test-01",
                "name": "snet-ctx-test-01",
                "security_group": "/subscriptions/0dcc13b7-1a10-483e-95aa-fe7e71802e2e/resourceGroups/rg-infra-test-01/providers/Microsoft.Network/networkSecurityGroups/nsg-snet-ctx-test-01"
              }
            ],
            "tags": {
              "Application": "Infra",
              "Environment": "Test"
            },
            "timeouts": null
          },
          "sensitive_attributes": [],
          "private": "eyJlMmJmYjczMC1lY2FhLTExZTYtOGY4OC0zNDM2M2JjN2M0YzAiOnsiY3JlYXRlIjoxODAwMDAwMDAwMDAwLCJkZWxldGUiOjE4MDAwMDAwMDAwMDAsInJlYWQiOjMwMDAwMDAwMDAwMCwidXBkYXRlIjoxODAwMDAwMDAwMDAwfX0=",
          "dependencies": [
            "azurerm_resource_group.rginfra"
          ]
        }
      ]
    },
    {
      "module": "module.vms[\"01\"]",
      "mode": "data",
      "type": "azurerm_subscription",
      "name": "sub",
      "provider": "provider[\"registry.terraform.io/hashicorp/azurerm\"]",
      "instances": [
        {
          "schema_version": 0,
          "attributes": {
            "display_name": "B3Care - Test",
            "id": "/subscriptions/0dcc13b7-1a10-483e-95aa-fe7e71802e2e",
            "location_placement_id": "Public_2014-09-01",
            "quota_id": "CSP_2015-05-01",
            "spending_limit": "Off",
            "state": "Enabled",
            "subscription_id": "0dcc13b7-1a10-483e-95aa-fe7e71802e2e",
            "tags": {},
            "tenant_id": "7d5e28a9-aa48-43c6-a39a-3fc5167644de",
            "timeouts": null
          },
          "sensitive_attributes": []
        }
      ]
    },
    {
      "module": "module.vms[\"01\"]",
      "mode": "managed",
      "type": "azurerm_linux_virtual_machine",
      "name": "vm",
      "provider": "provider[\"registry.terraform.io/hashicorp/azurerm\"]",
      "instances": [
        {
          "schema_version": 0,
          "attributes": {
            "additional_capabilities": [],
            "admin_password": "12345678.abc",
            "admin_ssh_key": [],
            "admin_username": "azadmin",
            "allow_extension_operations": true,
            "availability_set_id": "/subscriptions/0dcc13b7-1a10-483e-95aa-fe7e71802e2e/resourceGroups/rg-vmadctest01/providers/Microsoft.Compute/availabilitySets/AVAIL-VMADCTEST01",
            "boot_diagnostics": [],
            "capacity_reservation_group_id": "",
            "computer_name": "vmadctest01",
            "custom_data": null,
            "dedicated_host_group_id": "",
            "dedicated_host_id": "",
            "disable_password_authentication": false,
            "edge_zone": "",
            "encryption_at_host_enabled": false,
            "eviction_policy": "",
            "extensions_time_budget": "PT1H30M",
            "gallery_application": [],
            "id": "/subscriptions/0dcc13b7-1a10-483e-95aa-fe7e71802e2e/resourceGroups/rg-vmadctest01/providers/Microsoft.Compute/virtualMachines/vmadctest01",
            "identity": [
              {
                "identity_ids": [],
                "principal_id": "2dc581ee-3fa9-4e90-8e88-362a1447caf2",
                "tenant_id": "7d5e28a9-aa48-43c6-a39a-3fc5167644de",
                "type": "SystemAssigned"
              }
            ],
            "license_type": "",
            "location": "swedencentral",
            "max_bid_price": -1,
            "name": "vmadctest01",
            "network_interface_ids": [
              "/subscriptions/0dcc13b7-1a10-483e-95aa-fe7e71802e2e/resourceGroups/rg-vmadctest01/providers/Microsoft.Network/networkInterfaces/vmadctest01-nic1",
              "/subscriptions/0dcc13b7-1a10-483e-95aa-fe7e71802e2e/resourceGroups/rg-vmadctest01/providers/Microsoft.Network/networkInterfaces/vmadctest01-nic2",
              "/subscriptions/0dcc13b7-1a10-483e-95aa-fe7e71802e2e/resourceGroups/rg-vmadctest01/providers/Microsoft.Network/networkInterfaces/vmadctest01-nic3"
            ],
            "os_disk": [
              {
                "caching": "ReadWrite",
                "diff_disk_settings": [],
                "disk_encryption_set_id": "",
                "disk_size_gb": 64,
                "name": "vmadctest01_OsDisk_1_5897643d23dd4c09afd177df38e5ec78",
                "secure_vm_disk_encryption_set_id": "",
                "security_encryption_type": "",
                "storage_account_type": "Standard_LRS",
                "write_accelerator_enabled": false
              }
            ],
            "patch_assessment_mode": "ImageDefault",
            "patch_mode": "ImageDefault",
            "plan": [
              {
                "name": "netscalerbyol",
                "product": "netscalervpx-131",
                "publisher": "citrix"
              }
            ],
            "platform_fault_domain": -1,
            "priority": "Regular",
            "private_ip_address": "10.10.5.200",
            "private_ip_addresses": [
              "10.10.5.200",
              "10.10.10.200",
              "10.10.8.8"
            ],
            "provision_vm_agent": true,
            "proximity_placement_group_id": "",
            "public_ip_address": "",
            "public_ip_addresses": [],
            "resource_group_name": "rg-vmadctest01",
            "secret": [],
            "secure_boot_enabled": false,
            "size": "Standard_DS3_v2",
            "source_image_id": "",
            "source_image_reference": [
              {
                "offer": "netscalervpx-131",
                "publisher": "citrix",
                "sku": "netscalerbyol",
                "version": "latest"
              }
            ],
            "tags": {
              "Application": "Citrix",
              "Environment": "Test",
              "Service": "ADC",
              "UpdateManagement": "Critical_Monthly_GroupA"
            },
            "termination_notification": [],
            "timeouts": null,
            "user_data": "",
            "virtual_machine_id": "433dd3f6-4e40-4616-b668-b1df9fe2f79d",
            "virtual_machine_scale_set_id": "",
            "vtpm_enabled": false,
            "zone": ""
          },
          "sensitive_attributes": [],
          "private": "eyJlMmJmYjczMC1lY2FhLTExZTYtOGY4OC0zNDM2M2JjN2M0YzAiOnsiY3JlYXRlIjoyNzAwMDAwMDAwMDAwLCJkZWxldGUiOjI3MDAwMDAwMDAwMDAsInJlYWQiOjMwMDAwMDAwMDAwMCwidXBkYXRlIjoyNzAwMDAwMDAwMDAwfX0=",
          "dependencies": [
            "azurerm_resource_group.rginfra",
            "azurerm_virtual_network.vnet",
            "module.vms.azurerm_network_interface.nicvm",
            "module.vms.azurerm_public_ip.vmpip",
            "module.vms.data.azurerm_subscription.sub"
          ]
        }
      ]
    },
    {
      "module": "module.vms[\"01\"]",
      "mode": "managed",
      "type": "azurerm_network_interface",
      "name": "nicvm",
      "provider": "provider[\"registry.terraform.io/hashicorp/azurerm\"]",
      "instances": [
        {
          "index_key": "nic1",
          "schema_version": 0,
          "attributes": {
            "applied_dns_servers": [],
            "dns_servers": [],
            "edge_zone": "",
            "enable_accelerated_networking": false,
            "enable_ip_forwarding": false,
            "id": "/subscriptions/0dcc13b7-1a10-483e-95aa-fe7e71802e2e/resourceGroups/rg-vmadctest01/providers/Microsoft.Network/networkInterfaces/vmadctest01-nic1",
            "internal_dns_name_label": "",
            "internal_domain_name_suffix": "akida0ual1bu3kzllvkcjgbrzg.gvxx.internal.cloudapp.net",
            "ip_configuration": [
              {
                "gateway_load_balancer_frontend_ip_configuration_id": "",
                "name": "config01",
                "primary": true,
                "private_ip_address": "10.10.5.200",
                "private_ip_address_allocation": "Static",
                "private_ip_address_version": "IPv4",
                "public_ip_address_id": "",
                "subnet_id": "/subscriptions/0dcc13b7-1a10-483e-95aa-fe7e71802e2e/resourceGroups/rg-infra-test-01/providers/Microsoft.Network/virtualNetworks/vnet-infra-test01/subnets/snet-mgmt-test-01"
              }
            ],
            "location": "swedencentral",
            "mac_address": "60-45-BD-E9-81-26",
            "name": "vmadctest01-nic1",
            "private_ip_address": "10.10.5.200",
            "private_ip_addresses": [
              "10.10.5.200"
            ],
            "resource_group_name": "rg-vmadctest01",
            "tags": {
              "Application": "Citrix",
              "Environment": "Test",
              "Service": "ADC",
              "UpdateManagement": "Critical_Monthly_GroupA"
            },
            "timeouts": null,
            "virtual_machine_id": "/subscriptions/0dcc13b7-1a10-483e-95aa-fe7e71802e2e/resourceGroups/rg-vmadctest01/providers/Microsoft.Compute/virtualMachines/vmadctest01"
          },
          "sensitive_attributes": [],
          "private": "eyJlMmJmYjczMC1lY2FhLTExZTYtOGY4OC0zNDM2M2JjN2M0YzAiOnsiY3JlYXRlIjoxODAwMDAwMDAwMDAwLCJkZWxldGUiOjE4MDAwMDAwMDAwMDAsInJlYWQiOjMwMDAwMDAwMDAwMCwidXBkYXRlIjoxODAwMDAwMDAwMDAwfX0=",
          "dependencies": [
            "azurerm_resource_group.rginfra",
            "azurerm_virtual_network.vnet",
            "module.vms.azurerm_public_ip.vmpip",
            "module.vms.data.azurerm_subscription.sub"
          ]
        },
        {
          "index_key": "nic2",
          "schema_version": 0,
          "attributes": {
            "applied_dns_servers": [],
            "dns_servers": [],
            "edge_zone": "",
            "enable_accelerated_networking": true,
            "enable_ip_forwarding": false,
            "id": "/subscriptions/0dcc13b7-1a10-483e-95aa-fe7e71802e2e/resourceGroups/rg-vmadctest01/providers/Microsoft.Network/networkInterfaces/vmadctest01-nic2",
            "internal_dns_name_label": "",
            "internal_domain_name_suffix": "akida0ual1bu3kzllvkcjgbrzg.gvxx.internal.cloudapp.net",
            "ip_configuration": [
              {
                "gateway_load_balancer_frontend_ip_configuration_id": "",
                "name": "config01",
                "primary": true,
                "private_ip_address": "10.10.10.200",
                "private_ip_address_allocation": "Static",
                "private_ip_address_version": "IPv4",
                "public_ip_address_id": "",
                "subnet_id": "/subscriptions/0dcc13b7-1a10-483e-95aa-fe7e71802e2e/resourceGroups/rg-infra-test-01/providers/Microsoft.Network/virtualNetworks/vnet-infra-test01/subnets/snet-vda-test-01"
              }
            ],
            "location": "swedencentral",
            "mac_address": "60-45-BD-AC-DE-D8",
            "name": "vmadctest01-nic2",
            "private_ip_address": "10.10.10.200",
            "private_ip_addresses": [
              "10.10.10.200"
            ],
            "resource_group_name": "rg-vmadctest01",
            "tags": {
              "Application": "Citrix",
              "Environment": "Test",
              "Service": "ADC",
              "UpdateManagement": "Critical_Monthly_GroupA"
            },
            "timeouts": null,
            "virtual_machine_id": "/subscriptions/0dcc13b7-1a10-483e-95aa-fe7e71802e2e/resourceGroups/rg-vmadctest01/providers/Microsoft.Compute/virtualMachines/vmadctest01"
          },
          "sensitive_attributes": [],
          "private": "eyJlMmJmYjczMC1lY2FhLTExZTYtOGY4OC0zNDM2M2JjN2M0YzAiOnsiY3JlYXRlIjoxODAwMDAwMDAwMDAwLCJkZWxldGUiOjE4MDAwMDAwMDAwMDAsInJlYWQiOjMwMDAwMDAwMDAwMCwidXBkYXRlIjoxODAwMDAwMDAwMDAwfX0=",
          "dependencies": [
            "azurerm_resource_group.rginfra",
            "azurerm_virtual_network.vnet",
            "module.vms.azurerm_public_ip.vmpip",
            "module.vms.data.azurerm_subscription.sub"
          ]
        },
        {
          "index_key": "nic3",
          "schema_version": 0,
          "attributes": {
            "applied_dns_servers": [],
            "dns_servers": [],
            "edge_zone": "",
            "enable_accelerated_networking": true,
            "enable_ip_forwarding": false,
            "id": "/subscriptions/0dcc13b7-1a10-483e-95aa-fe7e71802e2e/resourceGroups/rg-vmadctest01/providers/Microsoft.Network/networkInterfaces/vmadctest01-nic3",
            "internal_dns_name_label": "",
            "internal_domain_name_suffix": "akida0ual1bu3kzllvkcjgbrzg.gvxx.internal.cloudapp.net",
            "ip_configuration": [
              {
                "gateway_load_balancer_frontend_ip_configuration_id": "",
                "name": "config01",
                "primary": true,
                "private_ip_address": "10.10.8.8",
                "private_ip_address_allocation": "Static",
                "private_ip_address_version": "IPv4",
                "public_ip_address_id": "",
                "subnet_id": "/subscriptions/0dcc13b7-1a10-483e-95aa-fe7e71802e2e/resourceGroups/rg-infra-test-01/providers/Microsoft.Network/virtualNetworks/vnet-infra-test01/subnets/snet-web-test-01"
              }
            ],
            "location": "swedencentral",
            "mac_address": "60-45-BD-AC-D7-62",
            "name": "vmadctest01-nic3",
            "private_ip_address": "10.10.8.8",
            "private_ip_addresses": [
              "10.10.8.8"
            ],
            "resource_group_name": "rg-vmadctest01",
            "tags": {
              "Application": "Citrix",
              "Environment": "Test",
              "Service": "ADC",
              "UpdateManagement": "Critical_Monthly_GroupA"
            },
            "timeouts": null,
            "virtual_machine_id": "/subscriptions/0dcc13b7-1a10-483e-95aa-fe7e71802e2e/resourceGroups/rg-vmadctest01/providers/Microsoft.Compute/virtualMachines/vmadctest01"
          },
          "sensitive_attributes": [],
          "private": "eyJlMmJmYjczMC1lY2FhLTExZTYtOGY4OC0zNDM2M2JjN2M0YzAiOnsiY3JlYXRlIjoxODAwMDAwMDAwMDAwLCJkZWxldGUiOjE4MDAwMDAwMDAwMDAsInJlYWQiOjMwMDAwMDAwMDAwMCwidXBkYXRlIjoxODAwMDAwMDAwMDAwfX0=",
          "dependencies": [
            "azurerm_resource_group.rginfra",
            "azurerm_virtual_network.vnet",
            "module.vms.azurerm_public_ip.vmpip",
            "module.vms.data.azurerm_subscription.sub"
          ]
        }
      ]
    },
    {
      "module": "module.vms[\"02\"]",
      "mode": "data",
      "type": "azurerm_subscription",
      "name": "sub",
      "provider": "provider[\"registry.terraform.io/hashicorp/azurerm\"]",
      "instances": [
        {
          "schema_version": 0,
          "attributes": {
            "display_name": "B3Care - Test",
            "id": "/subscriptions/0dcc13b7-1a10-483e-95aa-fe7e71802e2e",
            "location_placement_id": "Public_2014-09-01",
            "quota_id": "CSP_2015-05-01",
            "spending_limit": "Off",
            "state": "Enabled",
            "subscription_id": "0dcc13b7-1a10-483e-95aa-fe7e71802e2e",
            "tags": {},
            "tenant_id": "7d5e28a9-aa48-43c6-a39a-3fc5167644de",
            "timeouts": null
          },
          "sensitive_attributes": []
        }
      ]
    },
    {
      "module": "module.vms[\"02\"]",
      "mode": "managed",
      "type": "azurerm_linux_virtual_machine",
      "name": "vm",
      "provider": "provider[\"registry.terraform.io/hashicorp/azurerm\"]",
      "instances": [
        {
          "schema_version": 0,
          "attributes": {
            "additional_capabilities": [],
            "admin_password": "12345678.abc",
            "admin_ssh_key": [],
            "admin_username": "azadmin",
            "allow_extension_operations": true,
            "availability_set_id": "/subscriptions/0dcc13b7-1a10-483e-95aa-fe7e71802e2e/resourceGroups/rg-vmadctest01/providers/Microsoft.Compute/availabilitySets/AVAIL-VMADCTEST01",
            "boot_diagnostics": [],
            "capacity_reservation_group_id": "",
            "computer_name": "vmadctest02",
            "custom_data": null,
            "dedicated_host_group_id": "",
            "dedicated_host_id": "",
            "disable_password_authentication": false,
            "edge_zone": "",
            "encryption_at_host_enabled": false,
            "eviction_policy": "",
            "extensions_time_budget": "PT1H30M",
            "gallery_application": [],
            "id": "/subscriptions/0dcc13b7-1a10-483e-95aa-fe7e71802e2e/resourceGroups/rg-vmadctest01/providers/Microsoft.Compute/virtualMachines/vmadctest02",
            "identity": [
              {
                "identity_ids": [],
                "principal_id": "d1be494b-7650-4a7f-a7d2-6020e405e672",
                "tenant_id": "7d5e28a9-aa48-43c6-a39a-3fc5167644de",
                "type": "SystemAssigned"
              }
            ],
            "license_type": "",
            "location": "swedencentral",
            "max_bid_price": -1,
            "name": "vmadctest02",
            "network_interface_ids": [
              "/subscriptions/0dcc13b7-1a10-483e-95aa-fe7e71802e2e/resourceGroups/rg-vmadctest01/providers/Microsoft.Network/networkInterfaces/vmadctest02-nic1",
              "/subscriptions/0dcc13b7-1a10-483e-95aa-fe7e71802e2e/resourceGroups/rg-vmadctest01/providers/Microsoft.Network/networkInterfaces/vmadctest02-nic2",
              "/subscriptions/0dcc13b7-1a10-483e-95aa-fe7e71802e2e/resourceGroups/rg-vmadctest01/providers/Microsoft.Network/networkInterfaces/vmadctest02-nic3"
            ],
            "os_disk": [
              {
                "caching": "ReadWrite",
                "diff_disk_settings": [],
                "disk_encryption_set_id": "",
                "disk_size_gb": 64,
                "name": "vmadctest02_OsDisk_1_4b3ecbbb15424ae0a6a4dbac9773a73c",
                "secure_vm_disk_encryption_set_id": "",
                "security_encryption_type": "",
                "storage_account_type": "Standard_LRS",
                "write_accelerator_enabled": false
              }
            ],
            "patch_assessment_mode": "ImageDefault",
            "patch_mode": "ImageDefault",
            "plan": [
              {
                "name": "netscalerbyol",
                "product": "netscalervpx-131",
                "publisher": "citrix"
              }
            ],
            "platform_fault_domain": -1,
            "priority": "Regular",
            "private_ip_address": "10.10.5.201",
            "private_ip_addresses": [
              "10.10.5.201",
              "10.10.10.201",
              "10.10.8.9"
            ],
            "provision_vm_agent": true,
            "proximity_placement_group_id": "",
            "public_ip_address": "",
            "public_ip_addresses": [],
            "resource_group_name": "rg-vmadctest01",
            "secret": [],
            "secure_boot_enabled": false,
            "size": "Standard_DS3_v2",
            "source_image_id": "",
            "source_image_reference": [
              {
                "offer": "netscalervpx-131",
                "publisher": "citrix",
                "sku": "netscalerbyol",
                "version": "latest"
              }
            ],
            "tags": {
              "Application": "Citrix",
              "Environment": "Test",
              "Service": "ADC",
              "UpdateManagement": "Critical_Monthly_GroupA"
            },
            "termination_notification": [],
            "timeouts": null,
            "user_data": "",
            "virtual_machine_id": "537948d6-ca35-4685-a981-ebe25e76c535",
            "virtual_machine_scale_set_id": "",
            "vtpm_enabled": false,
            "zone": ""
          },
          "sensitive_attributes": [],
          "private": "eyJlMmJmYjczMC1lY2FhLTExZTYtOGY4OC0zNDM2M2JjN2M0YzAiOnsiY3JlYXRlIjoyNzAwMDAwMDAwMDAwLCJkZWxldGUiOjI3MDAwMDAwMDAwMDAsInJlYWQiOjMwMDAwMDAwMDAwMCwidXBkYXRlIjoyNzAwMDAwMDAwMDAwfX0=",
          "dependencies": [
            "azurerm_resource_group.rginfra",
            "azurerm_virtual_network.vnet",
            "module.vms.azurerm_network_interface.nicvm",
            "module.vms.azurerm_public_ip.vmpip",
            "module.vms.data.azurerm_subscription.sub"
          ]
        }
      ]
    },
    {
      "module": "module.vms[\"02\"]",
      "mode": "managed",
      "type": "azurerm_network_interface",
      "name": "nicvm",
      "provider": "provider[\"registry.terraform.io/hashicorp/azurerm\"]",
      "instances": [
        {
          "index_key": "nic1",
          "schema_version": 0,
          "attributes": {
            "applied_dns_servers": [],
            "dns_servers": [],
            "edge_zone": "",
            "enable_accelerated_networking": false,
            "enable_ip_forwarding": false,
            "id": "/subscriptions/0dcc13b7-1a10-483e-95aa-fe7e71802e2e/resourceGroups/rg-vmadctest01/providers/Microsoft.Network/networkInterfaces/vmadctest02-nic1",
            "internal_dns_name_label": "",
            "internal_domain_name_suffix": "",
            "ip_configuration": [
              {
                "gateway_load_balancer_frontend_ip_configuration_id": "",
                "name": "config01",
                "primary": true,
                "private_ip_address": "10.10.5.201",
                "private_ip_address_allocation": "Static",
                "private_ip_address_version": "IPv4",
                "public_ip_address_id": "",
                "subnet_id": "/subscriptions/0dcc13b7-1a10-483e-95aa-fe7e71802e2e/resourceGroups/rg-infra-test-01/providers/Microsoft.Network/virtualNetworks/vnet-infra-test01/subnets/snet-mgmt-test-01"
              }
            ],
            "location": "swedencentral",
            "mac_address": "60-45-BD-E9-83-38",
            "name": "vmadctest02-nic1",
            "private_ip_address": "10.10.5.201",
            "private_ip_addresses": [
              "10.10.5.201"
            ],
            "resource_group_name": "rg-vmadctest01",
            "tags": {
              "Application": "Citrix",
              "Environment": "Test",
              "Service": "ADC",
              "UpdateManagement": "Critical_Monthly_GroupA"
            },
            "timeouts": null,
            "virtual_machine_id": "/subscriptions/0dcc13b7-1a10-483e-95aa-fe7e71802e2e/resourceGroups/rg-vmadctest01/providers/Microsoft.Compute/virtualMachines/vmadctest02"
          },
          "sensitive_attributes": [],
          "private": "eyJlMmJmYjczMC1lY2FhLTExZTYtOGY4OC0zNDM2M2JjN2M0YzAiOnsiY3JlYXRlIjoxODAwMDAwMDAwMDAwLCJkZWxldGUiOjE4MDAwMDAwMDAwMDAsInJlYWQiOjMwMDAwMDAwMDAwMCwidXBkYXRlIjoxODAwMDAwMDAwMDAwfX0=",
          "dependencies": [
            "azurerm_resource_group.rginfra",
            "azurerm_virtual_network.vnet",
            "module.vms.azurerm_public_ip.vmpip",
            "module.vms.data.azurerm_subscription.sub"
          ]
        },
        {
          "index_key": "nic2",
          "schema_version": 0,
          "attributes": {
            "applied_dns_servers": [],
            "dns_servers": [],
            "edge_zone": "",
            "enable_accelerated_networking": true,
            "enable_ip_forwarding": false,
            "id": "/subscriptions/0dcc13b7-1a10-483e-95aa-fe7e71802e2e/resourceGroups/rg-vmadctest01/providers/Microsoft.Network/networkInterfaces/vmadctest02-nic2",
            "internal_dns_name_label": "",
            "internal_domain_name_suffix": "",
            "ip_configuration": [
              {
                "gateway_load_balancer_frontend_ip_configuration_id": "",
                "name": "config01",
                "primary": true,
                "private_ip_address": "10.10.10.201",
                "private_ip_address_allocation": "Static",
                "private_ip_address_version": "IPv4",
                "public_ip_address_id": "",
                "subnet_id": "/subscriptions/0dcc13b7-1a10-483e-95aa-fe7e71802e2e/resourceGroups/rg-infra-test-01/providers/Microsoft.Network/virtualNetworks/vnet-infra-test01/subnets/snet-vda-test-01"
              }
            ],
            "location": "swedencentral",
            "mac_address": "",
            "name": "vmadctest02-nic2",
            "private_ip_address": "10.10.10.201",
            "private_ip_addresses": [
              "10.10.10.201"
            ],
            "resource_group_name": "rg-vmadctest01",
            "tags": {
              "Application": "Citrix",
              "Environment": "Test",
              "Service": "ADC",
              "UpdateManagement": "Critical_Monthly_GroupA"
            },
            "timeouts": null,
            "virtual_machine_id": "/subscriptions/0dcc13b7-1a10-483e-95aa-fe7e71802e2e/resourceGroups/rg-vmadctest01/providers/Microsoft.Compute/virtualMachines/vmadctest02"
          },
          "sensitive_attributes": [],
          "private": "eyJlMmJmYjczMC1lY2FhLTExZTYtOGY4OC0zNDM2M2JjN2M0YzAiOnsiY3JlYXRlIjoxODAwMDAwMDAwMDAwLCJkZWxldGUiOjE4MDAwMDAwMDAwMDAsInJlYWQiOjMwMDAwMDAwMDAwMCwidXBkYXRlIjoxODAwMDAwMDAwMDAwfX0=",
          "dependencies": [
            "azurerm_resource_group.rginfra",
            "azurerm_virtual_network.vnet",
            "module.vms.azurerm_public_ip.vmpip",
            "module.vms.data.azurerm_subscription.sub"
          ]
        },
        {
          "index_key": "nic3",
          "schema_version": 0,
          "attributes": {
            "applied_dns_servers": [],
            "dns_servers": [],
            "edge_zone": "",
            "enable_accelerated_networking": true,
            "enable_ip_forwarding": false,
            "id": "/subscriptions/0dcc13b7-1a10-483e-95aa-fe7e71802e2e/resourceGroups/rg-vmadctest01/providers/Microsoft.Network/networkInterfaces/vmadctest02-nic3",
            "internal_dns_name_label": "",
            "internal_domain_name_suffix": "",
            "ip_configuration": [
              {
                "gateway_load_balancer_frontend_ip_configuration_id": "",
                "name": "config01",
                "primary": true,
                "private_ip_address": "10.10.8.9",
                "private_ip_address_allocation": "Static",
                "private_ip_address_version": "IPv4",
                "public_ip_address_id": "",
                "subnet_id": "/subscriptions/0dcc13b7-1a10-483e-95aa-fe7e71802e2e/resourceGroups/rg-infra-test-01/providers/Microsoft.Network/virtualNetworks/vnet-infra-test01/subnets/snet-web-test-01"
              }
            ],
            "location": "swedencentral",
            "mac_address": "",
            "name": "vmadctest02-nic3",
            "private_ip_address": "10.10.8.9",
            "private_ip_addresses": [
              "10.10.8.9"
            ],
            "resource_group_name": "rg-vmadctest01",
            "tags": {
              "Application": "Citrix",
              "Environment": "Test",
              "Service": "ADC",
              "UpdateManagement": "Critical_Monthly_GroupA"
            },
            "timeouts": null,
            "virtual_machine_id": "/subscriptions/0dcc13b7-1a10-483e-95aa-fe7e71802e2e/resourceGroups/rg-vmadctest01/providers/Microsoft.Compute/virtualMachines/vmadctest02"
          },
          "sensitive_attributes": [],
          "private": "eyJlMmJmYjczMC1lY2FhLTExZTYtOGY4OC0zNDM2M2JjN2M0YzAiOnsiY3JlYXRlIjoxODAwMDAwMDAwMDAwLCJkZWxldGUiOjE4MDAwMDAwMDAwMDAsInJlYWQiOjMwMDAwMDAwMDAwMCwidXBkYXRlIjoxODAwMDAwMDAwMDAwfX0=",
          "dependencies": [
            "azurerm_resource_group.rginfra",
            "azurerm_virtual_network.vnet",
            "module.vms.azurerm_public_ip.vmpip",
            "module.vms.data.azurerm_subscription.sub"
          ]
        }
      ]
    }
  ],
  "check_results": null
}
